// !$*UTF8*$!
{
	archiveVersion = 1;
	classes = {
	};
	objectVersion = 45;
	objects = {

/* Begin PBXBuildFile section */
		1D3623260D0F684500981E51 /* TouchSampleAppDelegate.m in Sources */ = {isa = PBXBuildFile; fileRef = 1D3623250D0F684500981E51 /* TouchSampleAppDelegate.m */; };
		1D60589B0D05DD56006BFB54 /* main.m in Sources */ = {isa = PBXBuildFile; fileRef = 29B97316FDCFA39411CA2CEA /* main.m */; };
		1D60589F0D05DD5A006BFB54 /* Foundation.framework in Frameworks */ = {isa = PBXBuildFile; fileRef = 1D30AB110D05D00D00671497 /* Foundation.framework */; };
		1DF5F4E00D08C38300B7A737 /* UIKit.framework in Frameworks */ = {isa = PBXBuildFile; fileRef = 1DF5F4DF0D08C38300B7A737 /* UIKit.framework */; };
		288765FD0DF74451002DB57D /* CoreGraphics.framework in Frameworks */ = {isa = PBXBuildFile; fileRef = 288765FC0DF74451002DB57D /* CoreGraphics.framework */; };
		5B714A8A104E968B00A0DF59 /* SampleForFlick.m in Sources */ = {isa = PBXBuildFile; fileRef = 5B714A89104E968B00A0DF59 /* SampleForFlick.m */; };
		5B89E84D10534FD9000E76E5 /* SampleForDoubleTouch.m in Sources */ = {isa = PBXBuildFile; fileRef = 5B89E84C10534FD9000E76E5 /* SampleForDoubleTouch.m */; };
		5B89E8691053734E000E76E5 /* SampleForDoubleSlide.m in Sources */ = {isa = PBXBuildFile; fileRef = 5B89E8681053734E000E76E5 /* SampleForDoubleSlide.m */; };
		5B89E87D10537E04000E76E5 /* SampleForPinch.m in Sources */ = {isa = PBXBuildFile; fileRef = 5B89E87C10537E04000E76E5 /* SampleForPinch.m */; };
		5B89E88510537E5D000E76E5 /* dog.jpg in Resources */ = {isa = PBXBuildFile; fileRef = 5B89E88410537E5D000E76E5 /* dog.jpg */; };
		5B89E8D31053A22C000E76E5 /* SampleForMotion.m in Sources */ = {isa = PBXBuildFile; fileRef = 5B89E8D21053A22C000E76E5 /* SampleForMotion.m */; };
		5B9CFF80104E07F7006DD007 /* SampleForSlide.m in Sources */ = {isa = PBXBuildFile; fileRef = 5B9CFF7F104E07F7006DD007 /* SampleForSlide.m */; };
		5BA19308104B8D55009F3352 /* SampleForTouchesBegan.m in Sources */ = {isa = PBXBuildFile; fileRef = 5BA19307104B8D55009F3352 /* SampleForTouchesBegan.m */; };
		5BA19334104B9727009F3352 /* SampleForTouchesTheLabel.m in Sources */ = {isa = PBXBuildFile; fileRef = 5BA19333104B9727009F3352 /* SampleForTouchesTheLabel.m */; };
		5BA19341104B9CCC009F3352 /* SampleForResponderChain.m in Sources */ = {isa = PBXBuildFile; fileRef = 5BA19340104B9CCC009F3352 /* SampleForResponderChain.m */; };
		5BA193BB104BBCA0009F3352 /* SampleForSlider.m in Sources */ = {isa = PBXBuildFile; fileRef = 5BA193BA104BBCA0009F3352 /* SampleForSlider.m */; };
		5BB27E23104CDC8500C22F05 /* chara1.png in Resources */ = {isa = PBXBuildFile; fileRef = 5BB27E21104CDC8500C22F05 /* chara1.png */; };
		5BB27E24104CDC8500C22F05 /* chara2.png in Resources */ = {isa = PBXBuildFile; fileRef = 5BB27E22104CDC8500C22F05 /* chara2.png */; };
		5BB27E32104CE21D00C22F05 /* SampleForDrag.m in Sources */ = {isa = PBXBuildFile; fileRef = 5BB27E31104CE21D00C22F05 /* SampleForDrag.m */; };
		5BBA96741054172E00F8DB45 /* SampleForAccelerometer.m in Sources */ = {isa = PBXBuildFile; fileRef = 5BBA96731054172E00F8DB45 /* SampleForAccelerometer.m */; };
		5BBA96951054405600F8DB45 /* metal.png in Resources */ = {isa = PBXBuildFile; fileRef = 5BBA96941054405600F8DB45 /* metal.png */; };
		5BF2C0D5104A8FB1002208B3 /* RootViewController.m in Sources */ = {isa = PBXBuildFile; fileRef = 5BF2C0D4104A8FB1002208B3 /* RootViewController.m */; };
		5BF2C0D8104A9002002208B3 /* SampleForButton.m in Sources */ = {isa = PBXBuildFile; fileRef = 5BF2C0D7104A9002002208B3 /* SampleForButton.m */; };
		5BF98882104C361B00689503 /* SampleForDoubleTap.m in Sources */ = {isa = PBXBuildFile; fileRef = 5BF98881104C361B00689503 /* SampleForDoubleTap.m */; };
		5BF988C7104C598C00689503 /* SampleForTripleTap.m in Sources */ = {isa = PBXBuildFile; fileRef = 5BF988C6104C598C00689503 /* SampleForTripleTap.m */; };
/* End PBXBuildFile section */

/* Begin PBXFileReference section */
		1D30AB110D05D00D00671497 /* Foundation.framework */ = {isa = PBXFileReference; lastKnownFileType = wrapper.framework; name = Foundation.framework; path = System/Library/Frameworks/Foundation.framework; sourceTree = SDKROOT; };
		1D3623240D0F684500981E51 /* TouchSampleAppDelegate.h */ = {isa = PBXFileReference; fileEncoding = 4; lastKnownFileType = sourcecode.c.h; path = TouchSampleAppDelegate.h; sourceTree = "<group>"; };
		1D3623250D0F684500981E51 /* TouchSampleAppDelegate.m */ = {isa = PBXFileReference; fileEncoding = 4; lastKnownFileType = sourcecode.c.objc; path = TouchSampleAppDelegate.m; sourceTree = "<group>"; };
		1D6058910D05DD3D006BFB54 /* TouchSample.app */ = {isa = PBXFileReference; explicitFileType = wrapper.application; includeInIndex = 0; path = TouchSample.app; sourceTree = BUILT_PRODUCTS_DIR; };
		1DF5F4DF0D08C38300B7A737 /* UIKit.framework */ = {isa = PBXFileReference; lastKnownFileType = wrapper.framework; name = UIKit.framework; path = System/Library/Frameworks/UIKit.framework; sourceTree = SDKROOT; };
		288765FC0DF74451002DB57D /* CoreGraphics.framework */ = {isa = PBXFileReference; lastKnownFileType = wrapper.framework; name = CoreGraphics.framework; path = System/Library/Frameworks/CoreGraphics.framework; sourceTree = SDKROOT; };
		29B97316FDCFA39411CA2CEA /* main.m */ = {isa = PBXFileReference; fileEncoding = 4; lastKnownFileType = sourcecode.c.objc; path = main.m; sourceTree = "<group>"; };
		32CA4F630368D1EE00C91783 /* TouchSample_Prefix.pch */ = {isa = PBXFileReference; fileEncoding = 4; lastKnownFileType = sourcecode.c.h; path = TouchSample_Prefix.pch; sourceTree = "<group>"; };
		5B714A88104E968B00A0DF59 /* SampleForFlick.h */ = {isa = PBXFileReference; fileEncoding = 4; lastKnownFileType = sourcecode.c.h; path = SampleForFlick.h; sourceTree = "<group>"; };
		5B714A89104E968B00A0DF59 /* SampleForFlick.m */ = {isa = PBXFileReference; fileEncoding = 4; lastKnownFileType = sourcecode.c.objc; path = SampleForFlick.m; sourceTree = "<group>"; };
		5B89E84B10534FD9000E76E5 /* SampleForDoubleTouch.h */ = {isa = PBXFileReference; fileEncoding = 4; lastKnownFileType = sourcecode.c.h; path = SampleForDoubleTouch.h; sourceTree = "<group>"; };
		5B89E84C10534FD9000E76E5 /* SampleForDoubleTouch.m */ = {isa = PBXFileReference; fileEncoding = 4; lastKnownFileType = sourcecode.c.objc; path = SampleForDoubleTouch.m; sourceTree = "<group>"; };
		5B89E8671053734E000E76E5 /* SampleForDoubleSlide.h */ = {isa = PBXFileReference; fileEncoding = 4; lastKnownFileType = sourcecode.c.h; path = SampleForDoubleSlide.h; sourceTree = "<group>"; };
		5B89E8681053734E000E76E5 /* SampleForDoubleSlide.m */ = {isa = PBXFileReference; fileEncoding = 4; lastKnownFileType = sourcecode.c.objc; path = SampleForDoubleSlide.m; sourceTree = "<group>"; };
		5B89E87B10537E04000E76E5 /* SampleForPinch.h */ = {isa = PBXFileReference; fileEncoding = 4; lastKnownFileType = sourcecode.c.h; path = SampleForPinch.h; sourceTree = "<group>"; };
		5B89E87C10537E04000E76E5 /* SampleForPinch.m */ = {isa = PBXFileReference; fileEncoding = 4; lastKnownFileType = sourcecode.c.objc; path = SampleForPinch.m; sourceTree = "<group>"; };
		5B89E88410537E5D000E76E5 /* dog.jpg */ = {isa = PBXFileReference; lastKnownFileType = image.jpeg; name = dog.jpg; path = Images/dog.jpg; sourceTree = "<group>"; };
		5B89E8D11053A22C000E76E5 /* SampleForMotion.h */ = {isa = PBXFileReference; fileEncoding = 4; lastKnownFileType = sourcecode.c.h; path = SampleForMotion.h; sourceTree = "<group>"; };
		5B89E8D21053A22C000E76E5 /* SampleForMotion.m */ = {isa = PBXFileReference; fileEncoding = 4; lastKnownFileType = sourcecode.c.objc; path = SampleForMotion.m; sourceTree = "<group>"; };
		5B9CFF7E104E07F7006DD007 /* SampleForSlide.h */ = {isa = PBXFileReference; fileEncoding = 4; lastKnownFileType = sourcecode.c.h; path = SampleForSlide.h; sourceTree = "<group>"; };
		5B9CFF7F104E07F7006DD007 /* SampleForSlide.m */ = {isa = PBXFileReference; fileEncoding = 4; lastKnownFileType = sourcecode.c.objc; path = SampleForSlide.m; sourceTree = "<group>"; };
		5BA19306104B8D55009F3352 /* SampleForTouchesBegan.h */ = {isa = PBXFileReference; fileEncoding = 4; lastKnownFileType = sourcecode.c.h; path = SampleForTouchesBegan.h; sourceTree = "<group>"; };
		5BA19307104B8D55009F3352 /* SampleForTouchesBegan.m */ = {isa = PBXFileReference; fileEncoding = 4; lastKnownFileType = sourcecode.c.objc; path = SampleForTouchesBegan.m; sourceTree = "<group>"; };
		5BA19332104B9727009F3352 /* SampleForTouchesTheLabel.h */ = {isa = PBXFileReference; fileEncoding = 4; lastKnownFileType = sourcecode.c.h; path = SampleForTouchesTheLabel.h; sourceTree = "<group>"; };
		5BA19333104B9727009F3352 /* SampleForTouchesTheLabel.m */ = {isa = PBXFileReference; fileEncoding = 4; lastKnownFileType = sourcecode.c.objc; path = SampleForTouchesTheLabel.m; sourceTree = "<group>"; };
		5BA1933F104B9CCC009F3352 /* SampleForResponderChain.h */ = {isa = PBXFileReference; fileEncoding = 4; lastKnownFileType = sourcecode.c.h; path = SampleForResponderChain.h; sourceTree = "<group>"; };
		5BA19340104B9CCC009F3352 /* SampleForResponderChain.m */ = {isa = PBXFileReference; fileEncoding = 4; lastKnownFileType = sourcecode.c.objc; path = SampleForResponderChain.m; sourceTree = "<group>"; };
		5BA193B9104BBCA0009F3352 /* SampleForSlider.h */ = {isa = PBXFileReference; fileEncoding = 4; lastKnownFileType = sourcecode.c.h; path = SampleForSlider.h; sourceTree = "<group>"; };
		5BA193BA104BBCA0009F3352 /* SampleForSlider.m */ = {isa = PBXFileReference; fileEncoding = 4; lastKnownFileType = sourcecode.c.objc; path = SampleForSlider.m; sourceTree = "<group>"; };
		5BB27E21104CDC8500C22F05 /* chara1.png */ = {isa = PBXFileReference; lastKnownFileType = image.png; name = chara1.png; path = Images/chara1.png; sourceTree = "<group>"; };
		5BB27E22104CDC8500C22F05 /* chara2.png */ = {isa = PBXFileReference; lastKnownFileType = image.png; name = chara2.png; path = Images/chara2.png; sourceTree = "<group>"; };
		5BB27E30104CE21D00C22F05 /* SampleForDrag.h */ = {isa = PBXFileReference; fileEncoding = 4; lastKnownFileType = sourcecode.c.h; path = SampleForDrag.h; sourceTree = "<group>"; };
		5BB27E31104CE21D00C22F05 /* SampleForDrag.m */ = {isa = PBXFileReference; fileEncoding = 4; lastKnownFileType = sourcecode.c.objc; path = SampleForDrag.m; sourceTree = "<group>"; };
		5BBA96721054172E00F8DB45 /* SampleForAccelerometer.h */ = {isa = PBXFileReference; fileEncoding = 4; lastKnownFileType = sourcecode.c.h; path = SampleForAccelerometer.h; sourceTree = "<group>"; };
		5BBA96731054172E00F8DB45 /* SampleForAccelerometer.m */ = {isa = PBXFileReference; fileEncoding = 4; lastKnownFileType = sourcecode.c.objc; path = SampleForAccelerometer.m; sourceTree = "<group>"; };
		5BBA96941054405600F8DB45 /* metal.png */ = {isa = PBXFileReference; lastKnownFileType = image.png; name = metal.png; path = Images/metal.png; sourceTree = "<group>"; };
		5BF2C0D3104A8FB1002208B3 /* RootViewController.h */ = {isa = PBXFileReference; fileEncoding = 4; lastKnownFileType = sourcecode.c.h; path = RootViewController.h; sourceTree = "<group>"; };
		5BF2C0D4104A8FB1002208B3 /* RootViewController.m */ = {isa = PBXFileReference; fileEncoding = 4; lastKnownFileType = sourcecode.c.objc; path = RootViewController.m; sourceTree = "<group>"; };
		5BF2C0D6104A9002002208B3 /* SampleForButton.h */ = {isa = PBXFileReference; fileEncoding = 4; lastKnownFileType = sourcecode.c.h; path = SampleForButton.h; sourceTree = "<group>"; };
		5BF2C0D7104A9002002208B3 /* SampleForButton.m */ = {isa = PBXFileReference; fileEncoding = 4; lastKnownFileType = sourcecode.c.objc; path = SampleForButton.m; sourceTree = "<group>"; };
		5BF98880104C361B00689503 /* SampleForDoubleTap.h */ = {isa = PBXFileReference; fileEncoding = 4; lastKnownFileType = sourcecode.c.h; path = SampleForDoubleTap.h; sourceTree = "<group>"; };
		5BF98881104C361B00689503 /* SampleForDoubleTap.m */ = {isa = PBXFileReference; fileEncoding = 4; lastKnownFileType = sourcecode.c.objc; path = SampleForDoubleTap.m; sourceTree = "<group>"; };
		5BF988C5104C598C00689503 /* SampleForTripleTap.h */ = {isa = PBXFileReference; fileEncoding = 4; lastKnownFileType = sourcecode.c.h; path = SampleForTripleTap.h; sourceTree = "<group>"; };
		5BF988C6104C598C00689503 /* SampleForTripleTap.m */ = {isa = PBXFileReference; fileEncoding = 4; lastKnownFileType = sourcecode.c.objc; path = SampleForTripleTap.m; sourceTree = "<group>"; };
		8D1107310486CEB800E47090 /* TouchSample-Info.plist */ = {isa = PBXFileReference; fileEncoding = 4; lastKnownFileType = text.plist.xml; path = "TouchSample-Info.plist"; plistStructureDefinitionIdentifier = "com.apple.xcode.plist.structure-definition.iphone.info-plist"; sourceTree = "<group>"; };
/* End PBXFileReference section */

/* Begin PBXFrameworksBuildPhase section */
		1D60588F0D05DD3D006BFB54 /* Frameworks */ = {
			isa = PBXFrameworksBuildPhase;
			buildActionMask = 2147483647;
			files = (
				1D60589F0D05DD5A006BFB54 /* Foundation.framework in Frameworks */,
				1DF5F4E00D08C38300B7A737 /* UIKit.framework in Frameworks */,
				288765FD0DF74451002DB57D /* CoreGraphics.framework in Frameworks */,
			);
			runOnlyForDeploymentPostprocessing = 0;
		};
/* End PBXFrameworksBuildPhase section */

/* Begin PBXGroup section */
		080E96DDFE201D6D7F000001 /* Classes */ = {
			isa = PBXGroup;
			children = (
				5BBA96721054172E00F8DB45 /* SampleForAccelerometer.h */,
				5BBA96731054172E00F8DB45 /* SampleForAccelerometer.m */,
				5B89E8D11053A22C000E76E5 /* SampleForMotion.h */,
				5B89E8D21053A22C000E76E5 /* SampleForMotion.m */,
				5B89E87B10537E04000E76E5 /* SampleForPinch.h */,
				5B89E87C10537E04000E76E5 /* SampleForPinch.m */,
				5B89E8671053734E000E76E5 /* SampleForDoubleSlide.h */,
				5B89E8681053734E000E76E5 /* SampleForDoubleSlide.m */,
				5B89E84B10534FD9000E76E5 /* SampleForDoubleTouch.h */,
				5B89E84C10534FD9000E76E5 /* SampleForDoubleTouch.m */,
				5B714A88104E968B00A0DF59 /* SampleForFlick.h */,
				5B714A89104E968B00A0DF59 /* SampleForFlick.m */,
				5B9CFF7E104E07F7006DD007 /* SampleForSlide.h */,
				5B9CFF7F104E07F7006DD007 /* SampleForSlide.m */,
				5BB27E30104CE21D00C22F05 /* SampleForDrag.h */,
				5BB27E31104CE21D00C22F05 /* SampleForDrag.m */,
				5BF988C5104C598C00689503 /* SampleForTripleTap.h */,
				5BF988C6104C598C00689503 /* SampleForTripleTap.m */,
				5BF98880104C361B00689503 /* SampleForDoubleTap.h */,
				5BF98881104C361B00689503 /* SampleForDoubleTap.m */,
				5BA193B9104BBCA0009F3352 /* SampleForSlider.h */,
				5BA193BA104BBCA0009F3352 /* SampleForSlider.m */,
				5BA1933F104B9CCC009F3352 /* SampleForResponderChain.h */,
				5BA19340104B9CCC009F3352 /* SampleForResponderChain.m */,
				5BA19332104B9727009F3352 /* SampleForTouchesTheLabel.h */,
				5BA19333104B9727009F3352 /* SampleForTouchesTheLabel.m */,
				5BA19306104B8D55009F3352 /* SampleForTouchesBegan.h */,
				5BA19307104B8D55009F3352 /* SampleForTouchesBegan.m */,
				5BF2C0D6104A9002002208B3 /* SampleForButton.h */,
				5BF2C0D7104A9002002208B3 /* SampleForButton.m */,
				5BF2C0D3104A8FB1002208B3 /* RootViewController.h */,
				5BF2C0D4104A8FB1002208B3 /* RootViewController.m */,
				1D3623240D0F684500981E51 /* TouchSampleAppDelegate.h */,
				1D3623250D0F684500981E51 /* TouchSampleAppDelegate.m */,
			);
			path = Classes;
			sourceTree = "<group>";
		};
		19C28FACFE9D520D11CA2CBB /* Products */ = {
			isa = PBXGroup;
			children = (
				1D6058910D05DD3D006BFB54 /* TouchSample.app */,
			);
			name = Products;
			sourceTree = "<group>";
		};
		29B97314FDCFA39411CA2CEA /* CustomTemplate */ = {
			isa = PBXGroup;
			children = (
				080E96DDFE201D6D7F000001 /* Classes */,
				29B97315FDCFA39411CA2CEA /* Other Sources */,
				29B97317FDCFA39411CA2CEA /* Resources */,
				29B97323FDCFA39411CA2CEA /* Frameworks */,
				19C28FACFE9D520D11CA2CBB /* Products */,
			);
			name = CustomTemplate;
			sourceTree = "<group>";
		};
		29B97315FDCFA39411CA2CEA /* Other Sources */ = {
			isa = PBXGroup;
			children = (
				32CA4F630368D1EE00C91783 /* TouchSample_Prefix.pch */,
				29B97316FDCFA39411CA2CEA /* main.m */,
			);
			name = "Other Sources";
			sourceTree = "<group>";
		};
		29B97317FDCFA39411CA2CEA /* Resources */ = {
			isa = PBXGroup;
			children = (
				5BBA96941054405600F8DB45 /* metal.png */,
				5B89E88410537E5D000E76E5 /* dog.jpg */,
				5BB27E21104CDC8500C22F05 /* chara1.png */,
				5BB27E22104CDC8500C22F05 /* chara2.png */,
				8D1107310486CEB800E47090 /* TouchSample-Info.plist */,
			);
			name = Resources;
			sourceTree = "<group>";
		};
		29B97323FDCFA39411CA2CEA /* Frameworks */ = {
			isa = PBXGroup;
			children = (
				1DF5F4DF0D08C38300B7A737 /* UIKit.framework */,
				1D30AB110D05D00D00671497 /* Foundation.framework */,
				288765FC0DF74451002DB57D /* CoreGraphics.framework */,
			);
			name = Frameworks;
			sourceTree = "<group>";
		};
/* End PBXGroup section */

/* Begin PBXNativeTarget section */
		1D6058900D05DD3D006BFB54 /* TouchSample */ = {
			isa = PBXNativeTarget;
			buildConfigurationList = 1D6058960D05DD3E006BFB54 /* Build configuration list for PBXNativeTarget "TouchSample" */;
			buildPhases = (
				1D60588D0D05DD3D006BFB54 /* Resources */,
				1D60588E0D05DD3D006BFB54 /* Sources */,
				1D60588F0D05DD3D006BFB54 /* Frameworks */,
			);
			buildRules = (
			);
			dependencies = (
			);
			name = TouchSample;
			productName = TouchSample;
			productReference = 1D6058910D05DD3D006BFB54 /* TouchSample.app */;
			productType = "com.apple.product-type.application";
		};
/* End PBXNativeTarget section */

/* Begin PBXProject section */
		29B97313FDCFA39411CA2CEA /* Project object */ = {
			isa = PBXProject;
			buildConfigurationList = C01FCF4E08A954540054247B /* Build configuration list for PBXProject "TouchSample" */;
			compatibilityVersion = "Xcode 3.1";
			developmentRegion = English;
			hasScannedForEncodings = 1;
			knownRegions = (
				English,
				Japanese,
				French,
				German,
			);
			mainGroup = 29B97314FDCFA39411CA2CEA /* CustomTemplate */;
			projectDirPath = "";
			projectRoot = "";
			targets = (
				1D6058900D05DD3D006BFB54 /* TouchSample */,
			);
		};
/* End PBXProject section */

/* Begin PBXResourcesBuildPhase section */
		1D60588D0D05DD3D006BFB54 /* Resources */ = {
			isa = PBXResourcesBuildPhase;
			buildActionMask = 2147483647;
			files = (
				5BB27E23104CDC8500C22F05 /* chara1.png in Resources */,
				5BB27E24104CDC8500C22F05 /* chara2.png in Resources */,
				5B89E88510537E5D000E76E5 /* dog.jpg in Resources */,
				5BBA96951054405600F8DB45 /* metal.png in Resources */,
			);
			runOnlyForDeploymentPostprocessing = 0;
		};
/* End PBXResourcesBuildPhase section */

/* Begin PBXSourcesBuildPhase section */
		1D60588E0D05DD3D006BFB54 /* Sources */ = {
			isa = PBXSourcesBuildPhase;
			buildActionMask = 2147483647;
			files = (
				1D60589B0D05DD56006BFB54 /* main.m in Sources */,
				1D3623260D0F684500981E51 /* TouchSampleAppDelegate.m in Sources */,
				5BF2C0D5104A8FB1002208B3 /* RootViewController.m in Sources */,
				5BF2C0D8104A9002002208B3 /* SampleForButton.m in Sources */,
				5BA19308104B8D55009F3352 /* SampleForTouchesBegan.m in Sources */,
				5BA19334104B9727009F3352 /* SampleForTouchesTheLabel.m in Sources */,
				5BA19341104B9CCC009F3352 /* SampleForResponderChain.m in Sources */,
				5BA193BB104BBCA0009F3352 /* SampleForSlider.m in Sources */,
				5BF98882104C361B00689503 /* SampleForDoubleTap.m in Sources */,
				5BF988C7104C598C00689503 /* SampleForTripleTap.m in Sources */,
				5BB27E32104CE21D00C22F05 /* SampleForDrag.m in Sources */,
				5B9CFF80104E07F7006DD007 /* SampleForSlide.m in Sources */,
				5B714A8A104E968B00A0DF59 /* SampleForFlick.m in Sources */,
				5B89E84D10534FD9000E76E5 /* SampleForDoubleTouch.m in Sources */,
				5B89E8691053734E000E76E5 /* SampleForDoubleSlide.m in Sources */,
				5B89E87D10537E04000E76E5 /* SampleForPinch.m in Sources */,
				5B89E8D31053A22C000E76E5 /* SampleForMotion.m in Sources */,
				5BBA96741054172E00F8DB45 /* SampleForAccelerometer.m in Sources */,
			);
			runOnlyForDeploymentPostprocessing = 0;
		};
/* End PBXSourcesBuildPhase section */

/* Begin XCBuildConfiguration section */
		1D6058940D05DD3E006BFB54 /* Debug */ = {
			isa = XCBuildConfiguration;
			buildSettings = {
				ALWAYS_SEARCH_USER_PATHS = NO;
				COPY_PHASE_STRIP = NO;
				GCC_DYNAMIC_NO_PIC = NO;
				GCC_OPTIMIZATION_LEVEL = 0;
				GCC_PRECOMPILE_PREFIX_HEADER = YES;
				GCC_PREFIX_HEADER = TouchSample_Prefix.pch;
				INFOPLIST_FILE = "TouchSample-Info.plist";
				PRODUCT_NAME = TouchSample;
			};
			name = Debug;
		};
		1D6058950D05DD3E006BFB54 /* Release */ = {
			isa = XCBuildConfiguration;
			buildSettings = {
				ALWAYS_SEARCH_USER_PATHS = NO;
				COPY_PHASE_STRIP = YES;
				GCC_PRECOMPILE_PREFIX_HEADER = YES;
				GCC_PREFIX_HEADER = TouchSample_Prefix.pch;
				INFOPLIST_FILE = "TouchSample-Info.plist";
				PRODUCT_NAME = TouchSample;
			};
			name = Release;
		};
		C01FCF4F08A954540054247B /* Debug */ = {
			isa = XCBuildConfiguration;
			buildSettings = {
				ARCHS = "$(ARCHS_STANDARD_32_BIT)";
				"CODE_SIGN_IDENTITY[sdk=iphoneos*]" = "iPhone Developer: yuta tokoro (SG6D6JFUZC)";
				GCC_C_LANGUAGE_STANDARD = c99;
				GCC_WARN_ABOUT_RETURN_TYPE = YES;
				GCC_WARN_UNUSED_VARIABLE = YES;
				IPHONEOS_DEPLOYMENT_TARGET = 3.0;
				PREBINDING = NO;
				"PROVISIONING_PROFILE[sdk=iphoneos*]" = "1C936A3C-2F43-4A6F-BAD7-8EE8C85D6F3F";
				SDKROOT = iphoneos;
			};
			name = Debug;
		};
		C01FCF5008A954540054247B /* Release */ = {
			isa = XCBuildConfiguration;
			buildSettings = {
				ARCHS = "$(ARCHS_STANDARD_32_BIT)";
				"CODE_SIGN_IDENTITY[sdk=iphoneos*]" = "iPhone Developer";
				GCC_C_LANGUAGE_STANDARD = c99;
				GCC_WARN_ABOUT_RETURN_TYPE = YES;
				GCC_WARN_UNUSED_VARIABLE = YES;
				PREBINDING = NO;
				SDKROOT = iphoneos3.1;
			};
			name = Release;
		};
/* End XCBuildConfiguration section */

/* Begin XCConfigurationList section */
		1D6058960D05DD3E006BFB54 /* Build configuration list for PBXNativeTarget "TouchSample" */ = {
			isa = XCConfigurationList;
			buildConfigurations = (
				1D6058940D05DD3E006BFB54 /* Debug */,
				1D6058950D05DD3E006BFB54 /* Release */,
			);
			defaultConfigurationIsVisible = 0;
			defaultConfigurationName = Release;
		};
		C01FCF4E08A954540054247B /* Build configuration list for PBXProject "TouchSample" */ = {
			isa = XCConfigurationList;
			buildConfigurations = (
				C01FCF4F08A954540054247B /* Debug */,
				C01FCF5008A954540054247B /* Release */,
			);
			defaultConfigurationIsVisible = 0;
			defaultConfigurationName = Release;
		};
/* End XCConfigurationList section */
	};
	rootObject = 29B97313FDCFA39411CA2CEA /* Project object */;
}
