// !$*UTF8*$!
{
	archiveVersion = 1;
	classes = {
	};
	objectVersion = 46;
	objects = {

/* Begin PBXBuildFile section */
		1D3623260D0F684500981E51 /* AlertAndActionSheetSampleAppDelegate.m in Sources */ = {isa = PBXBuildFile; fileRef = 1D3623250D0F684500981E51 /* AlertAndActionSheetSampleAppDelegate.m */; };
		1D60589B0D05DD56006BFB54 /* main.m in Sources */ = {isa = PBXBuildFile; fileRef = 29B97316FDCFA39411CA2CEA /* main.m */; };
		1D60589F0D05DD5A006BFB54 /* Foundation.framework in Frameworks */ = {isa = PBXBuildFile; fileRef = 1D30AB110D05D00D00671497 /* Foundation.framework */; };
		1DF5F4E00D08C38300B7A737 /* UIKit.framework in Frameworks */ = {isa = PBXBuildFile; fileRef = 1DF5F4DF0D08C38300B7A737 /* UIKit.framework */; };
		288765FD0DF74451002DB57D /* CoreGraphics.framework in Frameworks */ = {isa = PBXBuildFile; fileRef = 288765FC0DF74451002DB57D /* CoreGraphics.framework */; };
		5B37FCC7105F1F68003E6D72 /* RootViewController.m in Sources */ = {isa = PBXBuildFile; fileRef = 5B37FCC4105F1F68003E6D72 /* RootViewController.m */; };
		5B37FCC8105F1F68003E6D72 /* SampleForAlert.m in Sources */ = {isa = PBXBuildFile; fileRef = 5B37FCC6105F1F68003E6D72 /* SampleForAlert.m */; };
		5B37FCD4105F2340003E6D72 /* SampleForAlertWithMultiButtons.m in Sources */ = {isa = PBXBuildFile; fileRef = 5B37FCD3105F2340003E6D72 /* SampleForAlertWithMultiButtons.m */; };
		5B37FD15105F3C62003E6D72 /* SampleForAlertObserving.m in Sources */ = {isa = PBXBuildFile; fileRef = 5B37FD14105F3C62003E6D72 /* SampleForAlertObserving.m */; };
		5B37FD51105F846E003E6D72 /* SampleForActionSheet.m in Sources */ = {isa = PBXBuildFile; fileRef = 5B37FD50105F846E003E6D72 /* SampleForActionSheet.m */; };
		5B37FD69105F8864003E6D72 /* SampleForActionSheetWithToolbar.m in Sources */ = {isa = PBXBuildFile; fileRef = 5B37FD68105F8864003E6D72 /* SampleForActionSheetWithToolbar.m */; };
		5B37FD74105F8952003E6D72 /* SampleForActionSheetWithTabBar.m in Sources */ = {isa = PBXBuildFile; fileRef = 5B37FD73105F8952003E6D72 /* SampleForActionSheetWithTabBar.m */; };
		5B37FDA0105F95FD003E6D72 /* SampleForActionSheetStyle.m in Sources */ = {isa = PBXBuildFile; fileRef = 5B37FD9F105F95FD003E6D72 /* SampleForActionSheetStyle.m */; };
		5B37FDBE105FC09C003E6D72 /* town.jpg in Resources */ = {isa = PBXBuildFile; fileRef = 5B37FDBD105FC09C003E6D72 /* town.jpg */; };
		5B37FDC3105FC807003E6D72 /* SampleForActionSheetWithDestructiveButton.m in Sources */ = {isa = PBXBuildFile; fileRef = 5B37FDC2105FC807003E6D72 /* SampleForActionSheetWithDestructiveButton.m */; };
		5B37FDCE105FCD0D003E6D72 /* SampleForActionSheetObserving.m in Sources */ = {isa = PBXBuildFile; fileRef = 5B37FDCD105FCD0D003E6D72 /* SampleForActionSheetObserving.m */; };
		5BE0A4C11064BBC300D4AACB /* SampleForAlertWithLongMessage.m in Sources */ = {isa = PBXBuildFile; fileRef = 5BE0A4BC1064BBC300D4AACB /* SampleForAlertWithLongMessage.m */; };
		5BE0A4C21064BBC300D4AACB /* SampleForNetworkActivityIndicator.m in Sources */ = {isa = PBXBuildFile; fileRef = 5BE0A4BE1064BBC300D4AACB /* SampleForNetworkActivityIndicator.m */; };
		5BE0A4C31064BBC300D4AACB /* SampleForStatusBarStyle.m in Sources */ = {isa = PBXBuildFile; fileRef = 5BE0A4C01064BBC300D4AACB /* SampleForStatusBarStyle.m */; };
		5BE0A4E41064C04100D4AACB /* SampleForAlertDismiss.m in Sources */ = {isa = PBXBuildFile; fileRef = 5BE0A4E31064C04100D4AACB /* SampleForAlertDismiss.m */; };
/* End PBXBuildFile section */

/* Begin PBXFileReference section */
		1D30AB110D05D00D00671497 /* Foundation.framework */ = {isa = PBXFileReference; lastKnownFileType = wrapper.framework; name = Foundation.framework; path = System/Library/Frameworks/Foundation.framework; sourceTree = SDKROOT; };
		1D3623240D0F684500981E51 /* AlertAndActionSheetSampleAppDelegate.h */ = {isa = PBXFileReference; fileEncoding = 4; lastKnownFileType = sourcecode.c.h; path = AlertAndActionSheetSampleAppDelegate.h; sourceTree = "<group>"; };
		1D3623250D0F684500981E51 /* AlertAndActionSheetSampleAppDelegate.m */ = {isa = PBXFileReference; fileEncoding = 4; lastKnownFileType = sourcecode.c.objc; path = AlertAndActionSheetSampleAppDelegate.m; sourceTree = "<group>"; };
		1D6058910D05DD3D006BFB54 /* AlertAndActionSheetSample.app */ = {isa = PBXFileReference; explicitFileType = wrapper.application; includeInIndex = 0; path = AlertAndActionSheetSample.app; sourceTree = BUILT_PRODUCTS_DIR; };
		1DF5F4DF0D08C38300B7A737 /* UIKit.framework */ = {isa = PBXFileReference; lastKnownFileType = wrapper.framework; name = UIKit.framework; path = System/Library/Frameworks/UIKit.framework; sourceTree = SDKROOT; };
		288765FC0DF74451002DB57D /* CoreGraphics.framework */ = {isa = PBXFileReference; lastKnownFileType = wrapper.framework; name = CoreGraphics.framework; path = System/Library/Frameworks/CoreGraphics.framework; sourceTree = SDKROOT; };
		29B97316FDCFA39411CA2CEA /* main.m */ = {isa = PBXFileReference; fileEncoding = 4; lastKnownFileType = sourcecode.c.objc; path = main.m; sourceTree = "<group>"; };
		32CA4F630368D1EE00C91783 /* AlertAndActionSheetSample_Prefix.pch */ = {isa = PBXFileReference; fileEncoding = 4; lastKnownFileType = sourcecode.c.h; path = AlertAndActionSheetSample_Prefix.pch; sourceTree = "<group>"; };
		5B37FCC3105F1F68003E6D72 /* RootViewController.h */ = {isa = PBXFileReference; fileEncoding = 4; lastKnownFileType = sourcecode.c.h; path = RootViewController.h; sourceTree = "<group>"; };
		5B37FCC4105F1F68003E6D72 /* RootViewController.m */ = {isa = PBXFileReference; fileEncoding = 4; lastKnownFileType = sourcecode.c.objc; path = RootViewController.m; sourceTree = "<group>"; };
		5B37FCC5105F1F68003E6D72 /* SampleForAlert.h */ = {isa = PBXFileReference; fileEncoding = 4; lastKnownFileType = sourcecode.c.h; path = SampleForAlert.h; sourceTree = "<group>"; };
		5B37FCC6105F1F68003E6D72 /* SampleForAlert.m */ = {isa = PBXFileReference; fileEncoding = 4; lastKnownFileType = sourcecode.c.objc; path = SampleForAlert.m; sourceTree = "<group>"; };
		5B37FCD2105F2340003E6D72 /* SampleForAlertWithMultiButtons.h */ = {isa = PBXFileReference; fileEncoding = 4; lastKnownFileType = sourcecode.c.h; path = SampleForAlertWithMultiButtons.h; sourceTree = "<group>"; };
		5B37FCD3105F2340003E6D72 /* SampleForAlertWithMultiButtons.m */ = {isa = PBXFileReference; fileEncoding = 4; lastKnownFileType = sourcecode.c.objc; path = SampleForAlertWithMultiButtons.m; sourceTree = "<group>"; };
		5B37FD13105F3C62003E6D72 /* SampleForAlertObserving.h */ = {isa = PBXFileReference; fileEncoding = 4; lastKnownFileType = sourcecode.c.h; path = SampleForAlertObserving.h; sourceTree = "<group>"; };
		5B37FD14105F3C62003E6D72 /* SampleForAlertObserving.m */ = {isa = PBXFileReference; fileEncoding = 4; lastKnownFileType = sourcecode.c.objc; path = SampleForAlertObserving.m; sourceTree = "<group>"; };
		5B37FD4F105F846E003E6D72 /* SampleForActionSheet.h */ = {isa = PBXFileReference; fileEncoding = 4; lastKnownFileType = sourcecode.c.h; path = SampleForActionSheet.h; sourceTree = "<group>"; };
		5B37FD50105F846E003E6D72 /* SampleForActionSheet.m */ = {isa = PBXFileReference; fileEncoding = 4; lastKnownFileType = sourcecode.c.objc; path = SampleForActionSheet.m; sourceTree = "<group>"; };
		5B37FD67105F8864003E6D72 /* SampleForActionSheetWithToolbar.h */ = {isa = PBXFileReference; fileEncoding = 4; lastKnownFileType = sourcecode.c.h; path = SampleForActionSheetWithToolbar.h; sourceTree = "<group>"; };
		5B37FD68105F8864003E6D72 /* SampleForActionSheetWithToolbar.m */ = {isa = PBXFileReference; fileEncoding = 4; lastKnownFileType = sourcecode.c.objc; path = SampleForActionSheetWithToolbar.m; sourceTree = "<group>"; };
		5B37FD72105F8952003E6D72 /* SampleForActionSheetWithTabBar.h */ = {isa = PBXFileReference; fileEncoding = 4; lastKnownFileType = sourcecode.c.h; path = SampleForActionSheetWithTabBar.h; sourceTree = "<group>"; };
		5B37FD73105F8952003E6D72 /* SampleForActionSheetWithTabBar.m */ = {isa = PBXFileReference; fileEncoding = 4; lastKnownFileType = sourcecode.c.objc; path = SampleForActionSheetWithTabBar.m; sourceTree = "<group>"; };
		5B37FD9E105F95FD003E6D72 /* SampleForActionSheetStyle.h */ = {isa = PBXFileReference; fileEncoding = 4; lastKnownFileType = sourcecode.c.h; path = SampleForActionSheetStyle.h; sourceTree = "<group>"; };
		5B37FD9F105F95FD003E6D72 /* SampleForActionSheetStyle.m */ = {isa = PBXFileReference; fileEncoding = 4; lastKnownFileType = sourcecode.c.objc; path = SampleForActionSheetStyle.m; sourceTree = "<group>"; };
		5B37FDBD105FC09C003E6D72 /* town.jpg */ = {isa = PBXFileReference; lastKnownFileType = image.jpeg; name = town.jpg; path = Images/town.jpg; sourceTree = "<group>"; };
		5B37FDC1105FC807003E6D72 /* SampleForActionSheetWithDestructiveButton.h */ = {isa = PBXFileReference; fileEncoding = 4; lastKnownFileType = sourcecode.c.h; path = SampleForActionSheetWithDestructiveButton.h; sourceTree = "<group>"; };
		5B37FDC2105FC807003E6D72 /* SampleForActionSheetWithDestructiveButton.m */ = {isa = PBXFileReference; fileEncoding = 4; lastKnownFileType = sourcecode.c.objc; path = SampleForActionSheetWithDestructiveButton.m; sourceTree = "<group>"; };
		5B37FDCC105FCD0D003E6D72 /* SampleForActionSheetObserving.h */ = {isa = PBXFileReference; fileEncoding = 4; lastKnownFileType = sourcecode.c.h; path = SampleForActionSheetObserving.h; sourceTree = "<group>"; };
		5B37FDCD105FCD0D003E6D72 /* SampleForActionSheetObserving.m */ = {isa = PBXFileReference; fileEncoding = 4; lastKnownFileType = sourcecode.c.objc; path = SampleForActionSheetObserving.m; sourceTree = "<group>"; };
		5BE0A4BB1064BBC300D4AACB /* SampleForAlertWithLongMessage.h */ = {isa = PBXFileReference; fileEncoding = 4; lastKnownFileType = sourcecode.c.h; path = SampleForAlertWithLongMessage.h; sourceTree = "<group>"; };
		5BE0A4BC1064BBC300D4AACB /* SampleForAlertWithLongMessage.m */ = {isa = PBXFileReference; fileEncoding = 4; lastKnownFileType = sourcecode.c.objc; path = SampleForAlertWithLongMessage.m; sourceTree = "<group>"; };
		5BE0A4BD1064BBC300D4AACB /* SampleForNetworkActivityIndicator.h */ = {isa = PBXFileReference; fileEncoding = 4; lastKnownFileType = sourcecode.c.h; path = SampleForNetworkActivityIndicator.h; sourceTree = "<group>"; };
		5BE0A4BE1064BBC300D4AACB /* SampleForNetworkActivityIndicator.m */ = {isa = PBXFileReference; fileEncoding = 4; lastKnownFileType = sourcecode.c.objc; path = SampleForNetworkActivityIndicator.m; sourceTree = "<group>"; };
		5BE0A4BF1064BBC300D4AACB /* SampleForStatusBarStyle.h */ = {isa = PBXFileReference; fileEncoding = 4; lastKnownFileType = sourcecode.c.h; path = SampleForStatusBarStyle.h; sourceTree = "<group>"; };
		5BE0A4C01064BBC300D4AACB /* SampleForStatusBarStyle.m */ = {isa = PBXFileReference; fileEncoding = 4; lastKnownFileType = sourcecode.c.objc; path = SampleForStatusBarStyle.m; sourceTree = "<group>"; };
		5BE0A4E21064C04100D4AACB /* SampleForAlertDismiss.h */ = {isa = PBXFileReference; fileEncoding = 4; lastKnownFileType = sourcecode.c.h; path = SampleForAlertDismiss.h; sourceTree = "<group>"; };
		5BE0A4E31064C04100D4AACB /* SampleForAlertDismiss.m */ = {isa = PBXFileReference; fileEncoding = 4; lastKnownFileType = sourcecode.c.objc; path = SampleForAlertDismiss.m; sourceTree = "<group>"; };
		8D1107310486CEB800E47090 /* AlertAndActionSheetSample-Info.plist */ = {isa = PBXFileReference; fileEncoding = 4; lastKnownFileType = text.plist.xml; path = "AlertAndActionSheetSample-Info.plist"; plistStructureDefinitionIdentifier = "com.apple.xcode.plist.structure-definition.iphone.info-plist"; sourceTree = "<group>"; };
/* End PBXFileReference section */

/* Begin PBXFrameworksBuildPhase section */
		1D60588F0D05DD3D006BFB54 /* Frameworks */ = {
			isa = PBXFrameworksBuildPhase;
			buildActionMask = 2147483647;
			files = (
				1D60589F0D05DD5A006BFB54 /* Foundation.framework in Frameworks */,
				1DF5F4E00D08C38300B7A737 /* UIKit.framework in Frameworks */,
				288765FD0DF74451002DB57D /* CoreGraphics.framework in Frameworks */,
			);
			runOnlyForDeploymentPostprocessing = 0;
		};
/* End PBXFrameworksBuildPhase section */

/* Begin PBXGroup section */
		080E96DDFE201D6D7F000001 /* Classes */ = {
			isa = PBXGroup;
			children = (
				5BE0A4E21064C04100D4AACB /* SampleForAlertDismiss.h */,
				5BE0A4E31064C04100D4AACB /* SampleForAlertDismiss.m */,
				5BE0A4BB1064BBC300D4AACB /* SampleForAlertWithLongMessage.h */,
				5BE0A4BC1064BBC300D4AACB /* SampleForAlertWithLongMessage.m */,
				5BE0A4BD1064BBC300D4AACB /* SampleForNetworkActivityIndicator.h */,
				5BE0A4BE1064BBC300D4AACB /* SampleForNetworkActivityIndicator.m */,
				5BE0A4BF1064BBC300D4AACB /* SampleForStatusBarStyle.h */,
				5BE0A4C01064BBC300D4AACB /* SampleForStatusBarStyle.m */,
				5B37FDCC105FCD0D003E6D72 /* SampleForActionSheetObserving.h */,
				5B37FDCD105FCD0D003E6D72 /* SampleForActionSheetObserving.m */,
				5B37FDC1105FC807003E6D72 /* SampleForActionSheetWithDestructiveButton.h */,
				5B37FDC2105FC807003E6D72 /* SampleForActionSheetWithDestructiveButton.m */,
				5B37FD9E105F95FD003E6D72 /* SampleForActionSheetStyle.h */,
				5B37FD9F105F95FD003E6D72 /* SampleForActionSheetStyle.m */,
				5B37FD72105F8952003E6D72 /* SampleForActionSheetWithTabBar.h */,
				5B37FD73105F8952003E6D72 /* SampleForActionSheetWithTabBar.m */,
				5B37FD67105F8864003E6D72 /* SampleForActionSheetWithToolbar.h */,
				5B37FD68105F8864003E6D72 /* SampleForActionSheetWithToolbar.m */,
				5B37FD4F105F846E003E6D72 /* SampleForActionSheet.h */,
				5B37FD50105F846E003E6D72 /* SampleForActionSheet.m */,
				5B37FD13105F3C62003E6D72 /* SampleForAlertObserving.h */,
				5B37FD14105F3C62003E6D72 /* SampleForAlertObserving.m */,
				5B37FCD2105F2340003E6D72 /* SampleForAlertWithMultiButtons.h */,
				5B37FCD3105F2340003E6D72 /* SampleForAlertWithMultiButtons.m */,
				5B37FCC3105F1F68003E6D72 /* RootViewController.h */,
				5B37FCC4105F1F68003E6D72 /* RootViewController.m */,
				5B37FCC5105F1F68003E6D72 /* SampleForAlert.h */,
				5B37FCC6105F1F68003E6D72 /* SampleForAlert.m */,
				1D3623240D0F684500981E51 /* AlertAndActionSheetSampleAppDelegate.h */,
				1D3623250D0F684500981E51 /* AlertAndActionSheetSampleAppDelegate.m */,
			);
			path = Classes;
			sourceTree = "<group>";
		};
		19C28FACFE9D520D11CA2CBB /* Products */ = {
			isa = PBXGroup;
			children = (
				1D6058910D05DD3D006BFB54 /* AlertAndActionSheetSample.app */,
			);
			name = Products;
			sourceTree = "<group>";
		};
		29B97314FDCFA39411CA2CEA /* CustomTemplate */ = {
			isa = PBXGroup;
			children = (
				080E96DDFE201D6D7F000001 /* Classes */,
				29B97315FDCFA39411CA2CEA /* Other Sources */,
				29B97317FDCFA39411CA2CEA /* Resources */,
				29B97323FDCFA39411CA2CEA /* Frameworks */,
				19C28FACFE9D520D11CA2CBB /* Products */,
			);
			name = CustomTemplate;
			sourceTree = "<group>";
		};
		29B97315FDCFA39411CA2CEA /* Other Sources */ = {
			isa = PBXGroup;
			children = (
				32CA4F630368D1EE00C91783 /* AlertAndActionSheetSample_Prefix.pch */,
				29B97316FDCFA39411CA2CEA /* main.m */,
			);
			name = "Other Sources";
			sourceTree = "<group>";
		};
		29B97317FDCFA39411CA2CEA /* Resources */ = {
			isa = PBXGroup;
			children = (
				5B37FDBD105FC09C003E6D72 /* town.jpg */,
				8D1107310486CEB800E47090 /* AlertAndActionSheetSample-Info.plist */,
			);
			name = Resources;
			sourceTree = "<group>";
		};
		29B97323FDCFA39411CA2CEA /* Frameworks */ = {
			isa = PBXGroup;
			children = (
				1DF5F4DF0D08C38300B7A737 /* UIKit.framework */,
				1D30AB110D05D00D00671497 /* Foundation.framework */,
				288765FC0DF74451002DB57D /* CoreGraphics.framework */,
			);
			name = Frameworks;
			sourceTree = "<group>";
		};
/* End PBXGroup section */

/* Begin PBXNativeTarget section */
		1D6058900D05DD3D006BFB54 /* AlertAndActionSheetSample */ = {
			isa = PBXNativeTarget;
			buildConfigurationList = 1D6058960D05DD3E006BFB54 /* Build configuration list for PBXNativeTarget "AlertAndActionSheetSample" */;
			buildPhases = (
				1D60588D0D05DD3D006BFB54 /* Resources */,
				1D60588E0D05DD3D006BFB54 /* Sources */,
				1D60588F0D05DD3D006BFB54 /* Frameworks */,
			);
			buildRules = (
			);
			dependencies = (
			);
			name = AlertAndActionSheetSample;
			productName = AlertAndActionSheetSample;
			productReference = 1D6058910D05DD3D006BFB54 /* AlertAndActionSheetSample.app */;
			productType = "com.apple.product-type.application";
		};
/* End PBXNativeTarget section */

/* Begin PBXProject section */
		29B97313FDCFA39411CA2CEA /* Project object */ = {
			isa = PBXProject;
			buildConfigurationList = C01FCF4E08A954540054247B /* Build configuration list for PBXProject "AlertAndActionSheetSample" */;
			compatibilityVersion = "Xcode 3.2";
			developmentRegion = English;
			hasScannedForEncodings = 1;
			knownRegions = (
				English,
				Japanese,
				French,
				German,
			);
			mainGroup = 29B97314FDCFA39411CA2CEA /* CustomTemplate */;
			projectDirPath = "";
			projectRoot = "";
			targets = (
				1D6058900D05DD3D006BFB54 /* AlertAndActionSheetSample */,
			);
		};
/* End PBXProject section */

/* Begin PBXResourcesBuildPhase section */
		1D60588D0D05DD3D006BFB54 /* Resources */ = {
			isa = PBXResourcesBuildPhase;
			buildActionMask = 2147483647;
			files = (
				5B37FDBE105FC09C003E6D72 /* town.jpg in Resources */,
			);
			runOnlyForDeploymentPostprocessing = 0;
		};
/* End PBXResourcesBuildPhase section */

/* Begin PBXSourcesBuildPhase section */
		1D60588E0D05DD3D006BFB54 /* Sources */ = {
			isa = PBXSourcesBuildPhase;
			buildActionMask = 2147483647;
			files = (
				1D60589B0D05DD56006BFB54 /* main.m in Sources */,
				1D3623260D0F684500981E51 /* AlertAndActionSheetSampleAppDelegate.m in Sources */,
				5B37FCC7105F1F68003E6D72 /* RootViewController.m in Sources */,
				5B37FCC8105F1F68003E6D72 /* SampleForAlert.m in Sources */,
				5B37FCD4105F2340003E6D72 /* SampleForAlertWithMultiButtons.m in Sources */,
				5B37FD15105F3C62003E6D72 /* SampleForAlertObserving.m in Sources */,
				5B37FD51105F846E003E6D72 /* SampleForActionSheet.m in Sources */,
				5B37FD69105F8864003E6D72 /* SampleForActionSheetWithToolbar.m in Sources */,
				5B37FD74105F8952003E6D72 /* SampleForActionSheetWithTabBar.m in Sources */,
				5B37FDA0105F95FD003E6D72 /* SampleForActionSheetStyle.m in Sources */,
				5B37FDC3105FC807003E6D72 /* SampleForActionSheetWithDestructiveButton.m in Sources */,
				5B37FDCE105FCD0D003E6D72 /* SampleForActionSheetObserving.m in Sources */,
				5BE0A4C11064BBC300D4AACB /* SampleForAlertWithLongMessage.m in Sources */,
				5BE0A4C21064BBC300D4AACB /* SampleForNetworkActivityIndicator.m in Sources */,
				5BE0A4C31064BBC300D4AACB /* SampleForStatusBarStyle.m in Sources */,
				5BE0A4E41064C04100D4AACB /* SampleForAlertDismiss.m in Sources */,
			);
			runOnlyForDeploymentPostprocessing = 0;
		};
/* End PBXSourcesBuildPhase section */

/* Begin XCBuildConfiguration section */
		1D6058940D05DD3E006BFB54 /* Debug */ = {
			isa = XCBuildConfiguration;
			buildSettings = {
				ALWAYS_SEARCH_USER_PATHS = NO;
				COPY_PHASE_STRIP = NO;
				GCC_DYNAMIC_NO_PIC = NO;
				GCC_OPTIMIZATION_LEVEL = 0;
				GCC_PRECOMPILE_PREFIX_HEADER = YES;
				GCC_PREFIX_HEADER = AlertAndActionSheetSample_Prefix.pch;
				INFOPLIST_FILE = "AlertAndActionSheetSample-Info.plist";
				PRODUCT_NAME = AlertAndActionSheetSample;
			};
			name = Debug;
		};
		1D6058950D05DD3E006BFB54 /* Release */ = {
			isa = XCBuildConfiguration;
			buildSettings = {
				ALWAYS_SEARCH_USER_PATHS = NO;
				COPY_PHASE_STRIP = YES;
				GCC_PRECOMPILE_PREFIX_HEADER = YES;
				GCC_PREFIX_HEADER = AlertAndActionSheetSample_Prefix.pch;
				INFOPLIST_FILE = "AlertAndActionSheetSample-Info.plist";
				PRODUCT_NAME = AlertAndActionSheetSample;
			};
			name = Release;
		};
		C01FCF4F08A954540054247B /* Debug */ = {
			isa = XCBuildConfiguration;
			buildSettings = {
				ARCHS = "$(ARCHS_STANDARD_32_BIT)";
				"CODE_SIGN_IDENTITY[sdk=iphoneos*]" = "iPhone Developer";
				GCC_C_LANGUAGE_STANDARD = c99;
				GCC_WARN_ABOUT_RETURN_TYPE = YES;
				GCC_WARN_UNUSED_VARIABLE = YES;
				IPHONEOS_DEPLOYMENT_TARGET = 3.0;
				PREBINDING = NO;
				SDKROOT = iphoneos;
			};
			name = Debug;
		};
		C01FCF5008A954540054247B /* Release */ = {
			isa = XCBuildConfiguration;
			buildSettings = {
				ARCHS = "$(ARCHS_STANDARD_32_BIT)";
				"CODE_SIGN_IDENTITY[sdk=iphoneos*]" = "iPhone Developer";
				GCC_C_LANGUAGE_STANDARD = c99;
				GCC_WARN_ABOUT_RETURN_TYPE = YES;
				GCC_WARN_UNUSED_VARIABLE = YES;
				PREBINDING = NO;
				SDKROOT = iphoneos;
			};
			name = Release;
		};
/* End XCBuildConfiguration section */

/* Begin XCConfigurationList section */
		1D6058960D05DD3E006BFB54 /* Build configuration list for PBXNativeTarget "AlertAndActionSheetSample" */ = {
			isa = XCConfigurationList;
			buildConfigurations = (
				1D6058940D05DD3E006BFB54 /* Debug */,
				1D6058950D05DD3E006BFB54 /* Release */,
			);
			defaultConfigurationIsVisible = 0;
			defaultConfigurationName = Release;
		};
		C01FCF4E08A954540054247B /* Build configuration list for PBXProject "AlertAndActionSheetSample" */ = {
			isa = XCConfigurationList;
			buildConfigurations = (
				C01FCF4F08A954540054247B /* Debug */,
				C01FCF5008A954540054247B /* Release */,
			);
			defaultConfigurationIsVisible = 0;
			defaultConfigurationName = Release;
		};
/* End XCConfigurationList section */
	};
	rootObject = 29B97313FDCFA39411CA2CEA /* Project object */;
}
