// !$*UTF8*$!
{
	archiveVersion = 1;
	classes = {
	};
	objectVersion = 45;
	objects = {

/* Begin PBXBuildFile section */
		046AF92612FE8198005952C5 /* Dog.png in Resources */ = {isa = PBXBuildFile; fileRef = 046AF92312FE8198005952C5 /* Dog.png */; };
		046AF92712FE8198005952C5 /* Elephant.png in Resources */ = {isa = PBXBuildFile; fileRef = 046AF92412FE8198005952C5 /* Elephant.png */; };
		046AF92812FE8198005952C5 /* Lion.png in Resources */ = {isa = PBXBuildFile; fileRef = 046AF92512FE8198005952C5 /* Lion.png */; };
		046AF93D12FE81A5005952C5 /* RootViewController.m in Sources */ = {isa = PBXBuildFile; fileRef = 046AF92A12FE81A5005952C5 /* RootViewController.m */; };
		046AF93E12FE81A5005952C5 /* SampleForContentOffset.m in Sources */ = {isa = PBXBuildFile; fileRef = 046AF92C12FE81A5005952C5 /* SampleForContentOffset.m */; };
		046AF93F12FE81A5005952C5 /* SampleForEnabled.m in Sources */ = {isa = PBXBuildFile; fileRef = 046AF92E12FE81A5005952C5 /* SampleForEnabled.m */; };
		046AF94012FE81A5005952C5 /* SampleForInsertAndRemove.m in Sources */ = {isa = PBXBuildFile; fileRef = 046AF93012FE81A5005952C5 /* SampleForInsertAndRemove.m */; };
		046AF94112FE81A5005952C5 /* SampleForMomentary.m in Sources */ = {isa = PBXBuildFile; fileRef = 046AF93212FE81A5005952C5 /* SampleForMomentary.m */; };
		046AF94212FE81A5005952C5 /* SampleForSegmentedControl.m in Sources */ = {isa = PBXBuildFile; fileRef = 046AF93412FE81A5005952C5 /* SampleForSegmentedControl.m */; };
		046AF94312FE81A5005952C5 /* SampleForSegmentedControlStyle.m in Sources */ = {isa = PBXBuildFile; fileRef = 046AF93612FE81A5005952C5 /* SampleForSegmentedControlStyle.m */; };
		046AF94412FE81A5005952C5 /* SampleForSegmentedControlWithImage.m in Sources */ = {isa = PBXBuildFile; fileRef = 046AF93812FE81A5005952C5 /* SampleForSegmentedControlWithImage.m */; };
		046AF94512FE81A5005952C5 /* SampleForTintColor.m in Sources */ = {isa = PBXBuildFile; fileRef = 046AF93A12FE81A5005952C5 /* SampleForTintColor.m */; };
		046AF94612FE81A5005952C5 /* SampleForTitleAndImage.m in Sources */ = {isa = PBXBuildFile; fileRef = 046AF93C12FE81A5005952C5 /* SampleForTitleAndImage.m */; };
		1D3623260D0F684500981E51 /* UISegmentedControlSampleAppDelegate.m in Sources */ = {isa = PBXBuildFile; fileRef = 1D3623250D0F684500981E51 /* UISegmentedControlSampleAppDelegate.m */; };
		1D60589B0D05DD56006BFB54 /* main.m in Sources */ = {isa = PBXBuildFile; fileRef = 29B97316FDCFA39411CA2CEA /* main.m */; };
		1D60589F0D05DD5A006BFB54 /* Foundation.framework in Frameworks */ = {isa = PBXBuildFile; fileRef = 1D30AB110D05D00D00671497 /* Foundation.framework */; };
		1DF5F4E00D08C38300B7A737 /* UIKit.framework in Frameworks */ = {isa = PBXBuildFile; fileRef = 1DF5F4DF0D08C38300B7A737 /* UIKit.framework */; };
		288765FD0DF74451002DB57D /* CoreGraphics.framework in Frameworks */ = {isa = PBXBuildFile; fileRef = 288765FC0DF74451002DB57D /* CoreGraphics.framework */; };
/* End PBXBuildFile section */

/* Begin PBXFileReference section */
		046AF92312FE8198005952C5 /* Dog.png */ = {isa = PBXFileReference; lastKnownFileType = image.png; name = Dog.png; path = Images/Dog.png; sourceTree = "<group>"; };
		046AF92412FE8198005952C5 /* Elephant.png */ = {isa = PBXFileReference; lastKnownFileType = image.png; name = Elephant.png; path = Images/Elephant.png; sourceTree = "<group>"; };
		046AF92512FE8198005952C5 /* Lion.png */ = {isa = PBXFileReference; lastKnownFileType = image.png; name = Lion.png; path = Images/Lion.png; sourceTree = "<group>"; };
		046AF92912FE81A5005952C5 /* RootViewController.h */ = {isa = PBXFileReference; fileEncoding = 4; lastKnownFileType = sourcecode.c.h; path = RootViewController.h; sourceTree = "<group>"; };
		046AF92A12FE81A5005952C5 /* RootViewController.m */ = {isa = PBXFileReference; fileEncoding = 4; lastKnownFileType = sourcecode.c.objc; path = RootViewController.m; sourceTree = "<group>"; };
		046AF92B12FE81A5005952C5 /* SampleForContentOffset.h */ = {isa = PBXFileReference; fileEncoding = 4; lastKnownFileType = sourcecode.c.h; path = SampleForContentOffset.h; sourceTree = "<group>"; };
		046AF92C12FE81A5005952C5 /* SampleForContentOffset.m */ = {isa = PBXFileReference; fileEncoding = 4; lastKnownFileType = sourcecode.c.objc; path = SampleForContentOffset.m; sourceTree = "<group>"; };
		046AF92D12FE81A5005952C5 /* SampleForEnabled.h */ = {isa = PBXFileReference; fileEncoding = 4; lastKnownFileType = sourcecode.c.h; path = SampleForEnabled.h; sourceTree = "<group>"; };
		046AF92E12FE81A5005952C5 /* SampleForEnabled.m */ = {isa = PBXFileReference; fileEncoding = 4; lastKnownFileType = sourcecode.c.objc; path = SampleForEnabled.m; sourceTree = "<group>"; };
		046AF92F12FE81A5005952C5 /* SampleForInsertAndRemove.h */ = {isa = PBXFileReference; fileEncoding = 4; lastKnownFileType = sourcecode.c.h; path = SampleForInsertAndRemove.h; sourceTree = "<group>"; };
		046AF93012FE81A5005952C5 /* SampleForInsertAndRemove.m */ = {isa = PBXFileReference; fileEncoding = 4; lastKnownFileType = sourcecode.c.objc; path = SampleForInsertAndRemove.m; sourceTree = "<group>"; };
		046AF93112FE81A5005952C5 /* SampleForMomentary.h */ = {isa = PBXFileReference; fileEncoding = 4; lastKnownFileType = sourcecode.c.h; path = SampleForMomentary.h; sourceTree = "<group>"; };
		046AF93212FE81A5005952C5 /* SampleForMomentary.m */ = {isa = PBXFileReference; fileEncoding = 4; lastKnownFileType = sourcecode.c.objc; path = SampleForMomentary.m; sourceTree = "<group>"; };
		046AF93312FE81A5005952C5 /* SampleForSegmentedControl.h */ = {isa = PBXFileReference; fileEncoding = 4; lastKnownFileType = sourcecode.c.h; path = SampleForSegmentedControl.h; sourceTree = "<group>"; };
		046AF93412FE81A5005952C5 /* SampleForSegmentedControl.m */ = {isa = PBXFileReference; fileEncoding = 4; lastKnownFileType = sourcecode.c.objc; path = SampleForSegmentedControl.m; sourceTree = "<group>"; };
		046AF93512FE81A5005952C5 /* SampleForSegmentedControlStyle.h */ = {isa = PBXFileReference; fileEncoding = 4; lastKnownFileType = sourcecode.c.h; path = SampleForSegmentedControlStyle.h; sourceTree = "<group>"; };
		046AF93612FE81A5005952C5 /* SampleForSegmentedControlStyle.m */ = {isa = PBXFileReference; fileEncoding = 4; lastKnownFileType = sourcecode.c.objc; path = SampleForSegmentedControlStyle.m; sourceTree = "<group>"; };
		046AF93712FE81A5005952C5 /* SampleForSegmentedControlWithImage.h */ = {isa = PBXFileReference; fileEncoding = 4; lastKnownFileType = sourcecode.c.h; path = SampleForSegmentedControlWithImage.h; sourceTree = "<group>"; };
		046AF93812FE81A5005952C5 /* SampleForSegmentedControlWithImage.m */ = {isa = PBXFileReference; fileEncoding = 4; lastKnownFileType = sourcecode.c.objc; path = SampleForSegmentedControlWithImage.m; sourceTree = "<group>"; };
		046AF93912FE81A5005952C5 /* SampleForTintColor.h */ = {isa = PBXFileReference; fileEncoding = 4; lastKnownFileType = sourcecode.c.h; path = SampleForTintColor.h; sourceTree = "<group>"; };
		046AF93A12FE81A5005952C5 /* SampleForTintColor.m */ = {isa = PBXFileReference; fileEncoding = 4; lastKnownFileType = sourcecode.c.objc; path = SampleForTintColor.m; sourceTree = "<group>"; };
		046AF93B12FE81A5005952C5 /* SampleForTitleAndImage.h */ = {isa = PBXFileReference; fileEncoding = 4; lastKnownFileType = sourcecode.c.h; path = SampleForTitleAndImage.h; sourceTree = "<group>"; };
		046AF93C12FE81A5005952C5 /* SampleForTitleAndImage.m */ = {isa = PBXFileReference; fileEncoding = 4; lastKnownFileType = sourcecode.c.objc; path = SampleForTitleAndImage.m; sourceTree = "<group>"; };
		1D30AB110D05D00D00671497 /* Foundation.framework */ = {isa = PBXFileReference; lastKnownFileType = wrapper.framework; name = Foundation.framework; path = System/Library/Frameworks/Foundation.framework; sourceTree = SDKROOT; };
		1D3623240D0F684500981E51 /* UISegmentedControlSampleAppDelegate.h */ = {isa = PBXFileReference; fileEncoding = 4; lastKnownFileType = sourcecode.c.h; path = UISegmentedControlSampleAppDelegate.h; sourceTree = "<group>"; };
		1D3623250D0F684500981E51 /* UISegmentedControlSampleAppDelegate.m */ = {isa = PBXFileReference; fileEncoding = 4; lastKnownFileType = sourcecode.c.objc; path = UISegmentedControlSampleAppDelegate.m; sourceTree = "<group>"; };
		1D6058910D05DD3D006BFB54 /* UISegmentedControlSample.app */ = {isa = PBXFileReference; explicitFileType = wrapper.application; includeInIndex = 0; path = UISegmentedControlSample.app; sourceTree = BUILT_PRODUCTS_DIR; };
		1DF5F4DF0D08C38300B7A737 /* UIKit.framework */ = {isa = PBXFileReference; lastKnownFileType = wrapper.framework; name = UIKit.framework; path = System/Library/Frameworks/UIKit.framework; sourceTree = SDKROOT; };
		288765FC0DF74451002DB57D /* CoreGraphics.framework */ = {isa = PBXFileReference; lastKnownFileType = wrapper.framework; name = CoreGraphics.framework; path = System/Library/Frameworks/CoreGraphics.framework; sourceTree = SDKROOT; };
		29B97316FDCFA39411CA2CEA /* main.m */ = {isa = PBXFileReference; fileEncoding = 4; lastKnownFileType = sourcecode.c.objc; path = main.m; sourceTree = "<group>"; };
		32CA4F630368D1EE00C91783 /* UISegmentedControlSample_Prefix.pch */ = {isa = PBXFileReference; fileEncoding = 4; lastKnownFileType = sourcecode.c.h; path = UISegmentedControlSample_Prefix.pch; sourceTree = "<group>"; };
		8D1107310486CEB800E47090 /* UISegmentedControlSample-Info.plist */ = {isa = PBXFileReference; fileEncoding = 4; lastKnownFileType = text.plist.xml; path = "UISegmentedControlSample-Info.plist"; plistStructureDefinitionIdentifier = "com.apple.xcode.plist.structure-definition.iphone.info-plist"; sourceTree = "<group>"; };
/* End PBXFileReference section */

/* Begin PBXFrameworksBuildPhase section */
		1D60588F0D05DD3D006BFB54 /* Frameworks */ = {
			isa = PBXFrameworksBuildPhase;
			buildActionMask = 2147483647;
			files = (
				1D60589F0D05DD5A006BFB54 /* Foundation.framework in Frameworks */,
				1DF5F4E00D08C38300B7A737 /* UIKit.framework in Frameworks */,
				288765FD0DF74451002DB57D /* CoreGraphics.framework in Frameworks */,
			);
			runOnlyForDeploymentPostprocessing = 0;
		};
/* End PBXFrameworksBuildPhase section */

/* Begin PBXGroup section */
		080E96DDFE201D6D7F000001 /* Classes */ = {
			isa = PBXGroup;
			children = (
				046AF92912FE81A5005952C5 /* RootViewController.h */,
				046AF92A12FE81A5005952C5 /* RootViewController.m */,
				046AF92B12FE81A5005952C5 /* SampleForContentOffset.h */,
				046AF92C12FE81A5005952C5 /* SampleForContentOffset.m */,
				046AF92D12FE81A5005952C5 /* SampleForEnabled.h */,
				046AF92E12FE81A5005952C5 /* SampleForEnabled.m */,
				046AF92F12FE81A5005952C5 /* SampleForInsertAndRemove.h */,
				046AF93012FE81A5005952C5 /* SampleForInsertAndRemove.m */,
				046AF93112FE81A5005952C5 /* SampleForMomentary.h */,
				046AF93212FE81A5005952C5 /* SampleForMomentary.m */,
				046AF93312FE81A5005952C5 /* SampleForSegmentedControl.h */,
				046AF93412FE81A5005952C5 /* SampleForSegmentedControl.m */,
				046AF93512FE81A5005952C5 /* SampleForSegmentedControlStyle.h */,
				046AF93612FE81A5005952C5 /* SampleForSegmentedControlStyle.m */,
				046AF93712FE81A5005952C5 /* SampleForSegmentedControlWithImage.h */,
				046AF93812FE81A5005952C5 /* SampleForSegmentedControlWithImage.m */,
				046AF93912FE81A5005952C5 /* SampleForTintColor.h */,
				046AF93A12FE81A5005952C5 /* SampleForTintColor.m */,
				046AF93B12FE81A5005952C5 /* SampleForTitleAndImage.h */,
				046AF93C12FE81A5005952C5 /* SampleForTitleAndImage.m */,
				1D3623240D0F684500981E51 /* UISegmentedControlSampleAppDelegate.h */,
				1D3623250D0F684500981E51 /* UISegmentedControlSampleAppDelegate.m */,
			);
			path = Classes;
			sourceTree = "<group>";
		};
		19C28FACFE9D520D11CA2CBB /* Products */ = {
			isa = PBXGroup;
			children = (
				1D6058910D05DD3D006BFB54 /* UISegmentedControlSample.app */,
			);
			name = Products;
			sourceTree = "<group>";
		};
		29B97314FDCFA39411CA2CEA /* CustomTemplate */ = {
			isa = PBXGroup;
			children = (
				080E96DDFE201D6D7F000001 /* Classes */,
				29B97315FDCFA39411CA2CEA /* Other Sources */,
				29B97317FDCFA39411CA2CEA /* Resources */,
				29B97323FDCFA39411CA2CEA /* Frameworks */,
				19C28FACFE9D520D11CA2CBB /* Products */,
			);
			name = CustomTemplate;
			sourceTree = "<group>";
		};
		29B97315FDCFA39411CA2CEA /* Other Sources */ = {
			isa = PBXGroup;
			children = (
				32CA4F630368D1EE00C91783 /* UISegmentedControlSample_Prefix.pch */,
				29B97316FDCFA39411CA2CEA /* main.m */,
			);
			name = "Other Sources";
			sourceTree = "<group>";
		};
		29B97317FDCFA39411CA2CEA /* Resources */ = {
			isa = PBXGroup;
			children = (
				046AF92312FE8198005952C5 /* Dog.png */,
				046AF92412FE8198005952C5 /* Elephant.png */,
				046AF92512FE8198005952C5 /* Lion.png */,
				8D1107310486CEB800E47090 /* UISegmentedControlSample-Info.plist */,
			);
			name = Resources;
			sourceTree = "<group>";
		};
		29B97323FDCFA39411CA2CEA /* Frameworks */ = {
			isa = PBXGroup;
			children = (
				1DF5F4DF0D08C38300B7A737 /* UIKit.framework */,
				1D30AB110D05D00D00671497 /* Foundation.framework */,
				288765FC0DF74451002DB57D /* CoreGraphics.framework */,
			);
			name = Frameworks;
			sourceTree = "<group>";
		};
/* End PBXGroup section */

/* Begin PBXNativeTarget section */
		1D6058900D05DD3D006BFB54 /* UISegmentedControlSample */ = {
			isa = PBXNativeTarget;
			buildConfigurationList = 1D6058960D05DD3E006BFB54 /* Build configuration list for PBXNativeTarget "UISegmentedControlSample" */;
			buildPhases = (
				1D60588D0D05DD3D006BFB54 /* Resources */,
				1D60588E0D05DD3D006BFB54 /* Sources */,
				1D60588F0D05DD3D006BFB54 /* Frameworks */,
			);
			buildRules = (
			);
			dependencies = (
			);
			name = UISegmentedControlSample;
			productName = UISegmentedControlSample;
			productReference = 1D6058910D05DD3D006BFB54 /* UISegmentedControlSample.app */;
			productType = "com.apple.product-type.application";
		};
/* End PBXNativeTarget section */

/* Begin PBXProject section */
		29B97313FDCFA39411CA2CEA /* Project object */ = {
			isa = PBXProject;
			buildConfigurationList = C01FCF4E08A954540054247B /* Build configuration list for PBXProject "UISegmentedControlSample" */;
			compatibilityVersion = "Xcode 3.1";
			developmentRegion = English;
			hasScannedForEncodings = 1;
			knownRegions = (
				English,
				Japanese,
				French,
				German,
			);
			mainGroup = 29B97314FDCFA39411CA2CEA /* CustomTemplate */;
			projectDirPath = "";
			projectRoot = "";
			targets = (
				1D6058900D05DD3D006BFB54 /* UISegmentedControlSample */,
			);
		};
/* End PBXProject section */

/* Begin PBXResourcesBuildPhase section */
		1D60588D0D05DD3D006BFB54 /* Resources */ = {
			isa = PBXResourcesBuildPhase;
			buildActionMask = 2147483647;
			files = (
				046AF92612FE8198005952C5 /* Dog.png in Resources */,
				046AF92712FE8198005952C5 /* Elephant.png in Resources */,
				046AF92812FE8198005952C5 /* Lion.png in Resources */,
			);
			runOnlyForDeploymentPostprocessing = 0;
		};
/* End PBXResourcesBuildPhase section */

/* Begin PBXSourcesBuildPhase section */
		1D60588E0D05DD3D006BFB54 /* Sources */ = {
			isa = PBXSourcesBuildPhase;
			buildActionMask = 2147483647;
			files = (
				1D60589B0D05DD56006BFB54 /* main.m in Sources */,
				1D3623260D0F684500981E51 /* UISegmentedControlSampleAppDelegate.m in Sources */,
				046AF93D12FE81A5005952C5 /* RootViewController.m in Sources */,
				046AF93E12FE81A5005952C5 /* SampleForContentOffset.m in Sources */,
				046AF93F12FE81A5005952C5 /* SampleForEnabled.m in Sources */,
				046AF94012FE81A5005952C5 /* SampleForInsertAndRemove.m in Sources */,
				046AF94112FE81A5005952C5 /* SampleForMomentary.m in Sources */,
				046AF94212FE81A5005952C5 /* SampleForSegmentedControl.m in Sources */,
				046AF94312FE81A5005952C5 /* SampleForSegmentedControlStyle.m in Sources */,
				046AF94412FE81A5005952C5 /* SampleForSegmentedControlWithImage.m in Sources */,
				046AF94512FE81A5005952C5 /* SampleForTintColor.m in Sources */,
				046AF94612FE81A5005952C5 /* SampleForTitleAndImage.m in Sources */,
			);
			runOnlyForDeploymentPostprocessing = 0;
		};
/* End PBXSourcesBuildPhase section */

/* Begin XCBuildConfiguration section */
		1D6058940D05DD3E006BFB54 /* Debug */ = {
			isa = XCBuildConfiguration;
			buildSettings = {
				ALWAYS_SEARCH_USER_PATHS = NO;
				COPY_PHASE_STRIP = NO;
				GCC_DYNAMIC_NO_PIC = NO;
				GCC_OPTIMIZATION_LEVEL = 0;
				GCC_PRECOMPILE_PREFIX_HEADER = YES;
				GCC_PREFIX_HEADER = UISegmentedControlSample_Prefix.pch;
				INFOPLIST_FILE = "UISegmentedControlSample-Info.plist";
				PRODUCT_NAME = UISegmentedControlSample;
			};
			name = Debug;
		};
		1D6058950D05DD3E006BFB54 /* Release */ = {
			isa = XCBuildConfiguration;
			buildSettings = {
				ALWAYS_SEARCH_USER_PATHS = NO;
				COPY_PHASE_STRIP = YES;
				GCC_PRECOMPILE_PREFIX_HEADER = YES;
				GCC_PREFIX_HEADER = UISegmentedControlSample_Prefix.pch;
				INFOPLIST_FILE = "UISegmentedControlSample-Info.plist";
				PRODUCT_NAME = UISegmentedControlSample;
				VALIDATE_PRODUCT = YES;
			};
			name = Release;
		};
		C01FCF4F08A954540054247B /* Debug */ = {
			isa = XCBuildConfiguration;
			buildSettings = {
				ARCHS = "$(ARCHS_UNIVERSAL_IPHONE_OS)";
				"CODE_SIGN_IDENTITY[sdk=iphoneos*]" = "iPhone Developer";
				GCC_C_LANGUAGE_STANDARD = c99;
				GCC_WARN_ABOUT_RETURN_TYPE = YES;
				GCC_WARN_UNUSED_VARIABLE = YES;
				PREBINDING = NO;
				SDKROOT = iphoneos;
				TARGETED_DEVICE_FAMILY = 2;
			};
			name = Debug;
		};
		C01FCF5008A954540054247B /* Release */ = {
			isa = XCBuildConfiguration;
			buildSettings = {
				ARCHS = "$(ARCHS_UNIVERSAL_IPHONE_OS)";
				"CODE_SIGN_IDENTITY[sdk=iphoneos*]" = "iPhone Developer";
				GCC_C_LANGUAGE_STANDARD = c99;
				GCC_WARN_ABOUT_RETURN_TYPE = YES;
				GCC_WARN_UNUSED_VARIABLE = YES;
				OTHER_CFLAGS = "-DNS_BLOCK_ASSERTIONS=1";
				PREBINDING = NO;
				SDKROOT = iphoneos;
				TARGETED_DEVICE_FAMILY = 2;
			};
			name = Release;
		};
/* End XCBuildConfiguration section */

/* Begin XCConfigurationList section */
		1D6058960D05DD3E006BFB54 /* Build configuration list for PBXNativeTarget "UISegmentedControlSample" */ = {
			isa = XCConfigurationList;
			buildConfigurations = (
				1D6058940D05DD3E006BFB54 /* Debug */,
				1D6058950D05DD3E006BFB54 /* Release */,
			);
			defaultConfigurationIsVisible = 0;
			defaultConfigurationName = Release;
		};
		C01FCF4E08A954540054247B /* Build configuration list for PBXProject "UISegmentedControlSample" */ = {
			isa = XCConfigurationList;
			buildConfigurations = (
				C01FCF4F08A954540054247B /* Debug */,
				C01FCF5008A954540054247B /* Release */,
			);
			defaultConfigurationIsVisible = 0;
			defaultConfigurationName = Release;
		};
/* End XCConfigurationList section */
	};
	rootObject = 29B97313FDCFA39411CA2CEA /* Project object */;
}
