// !$*UTF8*$!
{
	archiveVersion = 1;
	classes = {
	};
	objectVersion = 46;
	objects = {

/* Begin PBXBuildFile section */
		1D3623260D0F684500981E51 /* UITextFieldSampleAppDelegate.m in Sources */ = {isa = PBXBuildFile; fileRef = 1D3623250D0F684500981E51 /* UITextFieldSampleAppDelegate.m */; };
		1D60589B0D05DD56006BFB54 /* main.m in Sources */ = {isa = PBXBuildFile; fileRef = 29B97316FDCFA39411CA2CEA /* main.m */; };
		1D60589F0D05DD5A006BFB54 /* Foundation.framework in Frameworks */ = {isa = PBXBuildFile; fileRef = 1D30AB110D05D00D00671497 /* Foundation.framework */; };
		1DF5F4E00D08C38300B7A737 /* UIKit.framework in Frameworks */ = {isa = PBXBuildFile; fileRef = 1DF5F4DF0D08C38300B7A737 /* UIKit.framework */; };
		288765FD0DF74451002DB57D /* CoreGraphics.framework in Frameworks */ = {isa = PBXBuildFile; fileRef = 288765FC0DF74451002DB57D /* CoreGraphics.framework */; };
		5B3AFDBC1070A51C0038290C /* RootViewController.m in Sources */ = {isa = PBXBuildFile; fileRef = 5B3AFDB91070A51C0038290C /* RootViewController.m */; };
		5B3AFDBD1070A51C0038290C /* SampleForSimple.m in Sources */ = {isa = PBXBuildFile; fileRef = 5B3AFDBB1070A51C0038290C /* SampleForSimple.m */; };
		5BEB6FB81071D31C006000F1 /* SampleForChangeColorAndFont.m in Sources */ = {isa = PBXBuildFile; fileRef = 5BEB6FB71071D31C006000F1 /* SampleForChangeColorAndFont.m */; };
		5BEB6FCA1071D4E5006000F1 /* SampleForClearButtonMode.m in Sources */ = {isa = PBXBuildFile; fileRef = 5BEB6FC91071D4E5006000F1 /* SampleForClearButtonMode.m */; };
		5BEB6FDE1071D803006000F1 /* SampleForPlaceholder.m in Sources */ = {isa = PBXBuildFile; fileRef = 5BEB6FDD1071D803006000F1 /* SampleForPlaceholder.m */; };
		5BEB6FF01071DB71006000F1 /* paper.png in Resources */ = {isa = PBXBuildFile; fileRef = 5BEB6FEF1071DB71006000F1 /* paper.png */; };
		5BEB6FF41071DBE4006000F1 /* SampleForBackground.m in Sources */ = {isa = PBXBuildFile; fileRef = 5BEB6FF31071DBE4006000F1 /* SampleForBackground.m */; };
		5BEB70051071E0DD006000F1 /* paperGray.png in Resources */ = {isa = PBXBuildFile; fileRef = 5BEB70041071E0DD006000F1 /* paperGray.png */; };
		5BEB70161071E383006000F1 /* leftDog.png in Resources */ = {isa = PBXBuildFile; fileRef = 5BEB70141071E383006000F1 /* leftDog.png */; };
		5BEB70171071E383006000F1 /* rightDog.png in Resources */ = {isa = PBXBuildFile; fileRef = 5BEB70151071E383006000F1 /* rightDog.png */; };
		5BEB701D1071E4CF006000F1 /* SampleForAddView.m in Sources */ = {isa = PBXBuildFile; fileRef = 5BEB701C1071E4CF006000F1 /* SampleForAddView.m */; };
		5BEB702F1071E94C006000F1 /* SampleForObserving.m in Sources */ = {isa = PBXBuildFile; fileRef = 5BEB702E1071E94C006000F1 /* SampleForObserving.m */; };
		5BEB706D1071F01C006000F1 /* SampleForAdjustFontSize.m in Sources */ = {isa = PBXBuildFile; fileRef = 5BEB706C1071F01C006000F1 /* SampleForAdjustFontSize.m */; };
/* End PBXBuildFile section */

/* Begin PBXFileReference section */
		1D30AB110D05D00D00671497 /* Foundation.framework */ = {isa = PBXFileReference; lastKnownFileType = wrapper.framework; name = Foundation.framework; path = System/Library/Frameworks/Foundation.framework; sourceTree = SDKROOT; };
		1D3623240D0F684500981E51 /* UITextFieldSampleAppDelegate.h */ = {isa = PBXFileReference; fileEncoding = 4; lastKnownFileType = sourcecode.c.h; path = UITextFieldSampleAppDelegate.h; sourceTree = "<group>"; };
		1D3623250D0F684500981E51 /* UITextFieldSampleAppDelegate.m */ = {isa = PBXFileReference; fileEncoding = 4; lastKnownFileType = sourcecode.c.objc; path = UITextFieldSampleAppDelegate.m; sourceTree = "<group>"; };
		1D6058910D05DD3D006BFB54 /* UITextFieldSample.app */ = {isa = PBXFileReference; explicitFileType = wrapper.application; includeInIndex = 0; path = UITextFieldSample.app; sourceTree = BUILT_PRODUCTS_DIR; };
		1DF5F4DF0D08C38300B7A737 /* UIKit.framework */ = {isa = PBXFileReference; lastKnownFileType = wrapper.framework; name = UIKit.framework; path = System/Library/Frameworks/UIKit.framework; sourceTree = SDKROOT; };
		288765FC0DF74451002DB57D /* CoreGraphics.framework */ = {isa = PBXFileReference; lastKnownFileType = wrapper.framework; name = CoreGraphics.framework; path = System/Library/Frameworks/CoreGraphics.framework; sourceTree = SDKROOT; };
		29B97316FDCFA39411CA2CEA /* main.m */ = {isa = PBXFileReference; fileEncoding = 4; lastKnownFileType = sourcecode.c.objc; path = main.m; sourceTree = "<group>"; };
		32CA4F630368D1EE00C91783 /* UITextFieldSample_Prefix.pch */ = {isa = PBXFileReference; fileEncoding = 4; lastKnownFileType = sourcecode.c.h; path = UITextFieldSample_Prefix.pch; sourceTree = "<group>"; };
		5B3AFDB81070A51C0038290C /* RootViewController.h */ = {isa = PBXFileReference; fileEncoding = 4; lastKnownFileType = sourcecode.c.h; path = RootViewController.h; sourceTree = "<group>"; };
		5B3AFDB91070A51C0038290C /* RootViewController.m */ = {isa = PBXFileReference; fileEncoding = 4; lastKnownFileType = sourcecode.c.objc; path = RootViewController.m; sourceTree = "<group>"; };
		5B3AFDBA1070A51C0038290C /* SampleForSimple.h */ = {isa = PBXFileReference; fileEncoding = 4; lastKnownFileType = sourcecode.c.h; path = SampleForSimple.h; sourceTree = "<group>"; };
		5B3AFDBB1070A51C0038290C /* SampleForSimple.m */ = {isa = PBXFileReference; fileEncoding = 4; lastKnownFileType = sourcecode.c.objc; path = SampleForSimple.m; sourceTree = "<group>"; };
		5BEB6FB61071D31C006000F1 /* SampleForChangeColorAndFont.h */ = {isa = PBXFileReference; fileEncoding = 4; lastKnownFileType = sourcecode.c.h; path = SampleForChangeColorAndFont.h; sourceTree = "<group>"; };
		5BEB6FB71071D31C006000F1 /* SampleForChangeColorAndFont.m */ = {isa = PBXFileReference; fileEncoding = 4; lastKnownFileType = sourcecode.c.objc; path = SampleForChangeColorAndFont.m; sourceTree = "<group>"; };
		5BEB6FC81071D4E5006000F1 /* SampleForClearButtonMode.h */ = {isa = PBXFileReference; fileEncoding = 4; lastKnownFileType = sourcecode.c.h; path = SampleForClearButtonMode.h; sourceTree = "<group>"; };
		5BEB6FC91071D4E5006000F1 /* SampleForClearButtonMode.m */ = {isa = PBXFileReference; fileEncoding = 4; lastKnownFileType = sourcecode.c.objc; path = SampleForClearButtonMode.m; sourceTree = "<group>"; };
		5BEB6FDC1071D803006000F1 /* SampleForPlaceholder.h */ = {isa = PBXFileReference; fileEncoding = 4; lastKnownFileType = sourcecode.c.h; path = SampleForPlaceholder.h; sourceTree = "<group>"; };
		5BEB6FDD1071D803006000F1 /* SampleForPlaceholder.m */ = {isa = PBXFileReference; fileEncoding = 4; lastKnownFileType = sourcecode.c.objc; path = SampleForPlaceholder.m; sourceTree = "<group>"; };
		5BEB6FEF1071DB71006000F1 /* paper.png */ = {isa = PBXFileReference; lastKnownFileType = image.png; name = paper.png; path = Images/paper.png; sourceTree = "<group>"; };
		5BEB6FF21071DBE4006000F1 /* SampleForBackground.h */ = {isa = PBXFileReference; fileEncoding = 4; lastKnownFileType = sourcecode.c.h; path = SampleForBackground.h; sourceTree = "<group>"; };
		5BEB6FF31071DBE4006000F1 /* SampleForBackground.m */ = {isa = PBXFileReference; fileEncoding = 4; lastKnownFileType = sourcecode.c.objc; path = SampleForBackground.m; sourceTree = "<group>"; };
		5BEB70041071E0DD006000F1 /* paperGray.png */ = {isa = PBXFileReference; lastKnownFileType = image.png; name = paperGray.png; path = Images/paperGray.png; sourceTree = "<group>"; };
		5BEB70141071E383006000F1 /* leftDog.png */ = {isa = PBXFileReference; lastKnownFileType = image.png; name = leftDog.png; path = Images/leftDog.png; sourceTree = "<group>"; };
		5BEB70151071E383006000F1 /* rightDog.png */ = {isa = PBXFileReference; lastKnownFileType = image.png; name = rightDog.png; path = Images/rightDog.png; sourceTree = "<group>"; };
		5BEB701B1071E4CF006000F1 /* SampleForAddView.h */ = {isa = PBXFileReference; fileEncoding = 4; lastKnownFileType = sourcecode.c.h; path = SampleForAddView.h; sourceTree = "<group>"; };
		5BEB701C1071E4CF006000F1 /* SampleForAddView.m */ = {isa = PBXFileReference; fileEncoding = 4; lastKnownFileType = sourcecode.c.objc; path = SampleForAddView.m; sourceTree = "<group>"; };
		5BEB702D1071E94C006000F1 /* SampleForObserving.h */ = {isa = PBXFileReference; fileEncoding = 4; lastKnownFileType = sourcecode.c.h; path = SampleForObserving.h; sourceTree = "<group>"; };
		5BEB702E1071E94C006000F1 /* SampleForObserving.m */ = {isa = PBXFileReference; fileEncoding = 4; lastKnownFileType = sourcecode.c.objc; path = SampleForObserving.m; sourceTree = "<group>"; };
		5BEB706B1071F01C006000F1 /* SampleForAdjustFontSize.h */ = {isa = PBXFileReference; fileEncoding = 4; lastKnownFileType = sourcecode.c.h; path = SampleForAdjustFontSize.h; sourceTree = "<group>"; };
		5BEB706C1071F01C006000F1 /* SampleForAdjustFontSize.m */ = {isa = PBXFileReference; fileEncoding = 4; lastKnownFileType = sourcecode.c.objc; path = SampleForAdjustFontSize.m; sourceTree = "<group>"; };
		8D1107310486CEB800E47090 /* UITextFieldSample-Info.plist */ = {isa = PBXFileReference; fileEncoding = 4; lastKnownFileType = text.plist.xml; path = "UITextFieldSample-Info.plist"; plistStructureDefinitionIdentifier = "com.apple.xcode.plist.structure-definition.iphone.info-plist"; sourceTree = "<group>"; };
/* End PBXFileReference section */

/* Begin PBXFrameworksBuildPhase section */
		1D60588F0D05DD3D006BFB54 /* Frameworks */ = {
			isa = PBXFrameworksBuildPhase;
			buildActionMask = 2147483647;
			files = (
				1D60589F0D05DD5A006BFB54 /* Foundation.framework in Frameworks */,
				1DF5F4E00D08C38300B7A737 /* UIKit.framework in Frameworks */,
				288765FD0DF74451002DB57D /* CoreGraphics.framework in Frameworks */,
			);
			runOnlyForDeploymentPostprocessing = 0;
		};
/* End PBXFrameworksBuildPhase section */

/* Begin PBXGroup section */
		080E96DDFE201D6D7F000001 /* Classes */ = {
			isa = PBXGroup;
			children = (
				5BEB706B1071F01C006000F1 /* SampleForAdjustFontSize.h */,
				5BEB706C1071F01C006000F1 /* SampleForAdjustFontSize.m */,
				5BEB702D1071E94C006000F1 /* SampleForObserving.h */,
				5BEB702E1071E94C006000F1 /* SampleForObserving.m */,
				5BEB701B1071E4CF006000F1 /* SampleForAddView.h */,
				5BEB701C1071E4CF006000F1 /* SampleForAddView.m */,
				5BEB6FF21071DBE4006000F1 /* SampleForBackground.h */,
				5BEB6FF31071DBE4006000F1 /* SampleForBackground.m */,
				5BEB6FDC1071D803006000F1 /* SampleForPlaceholder.h */,
				5BEB6FDD1071D803006000F1 /* SampleForPlaceholder.m */,
				5BEB6FC81071D4E5006000F1 /* SampleForClearButtonMode.h */,
				5BEB6FC91071D4E5006000F1 /* SampleForClearButtonMode.m */,
				5BEB6FB61071D31C006000F1 /* SampleForChangeColorAndFont.h */,
				5BEB6FB71071D31C006000F1 /* SampleForChangeColorAndFont.m */,
				5B3AFDB81070A51C0038290C /* RootViewController.h */,
				5B3AFDB91070A51C0038290C /* RootViewController.m */,
				5B3AFDBA1070A51C0038290C /* SampleForSimple.h */,
				5B3AFDBB1070A51C0038290C /* SampleForSimple.m */,
				1D3623240D0F684500981E51 /* UITextFieldSampleAppDelegate.h */,
				1D3623250D0F684500981E51 /* UITextFieldSampleAppDelegate.m */,
			);
			path = Classes;
			sourceTree = "<group>";
		};
		19C28FACFE9D520D11CA2CBB /* Products */ = {
			isa = PBXGroup;
			children = (
				1D6058910D05DD3D006BFB54 /* UITextFieldSample.app */,
			);
			name = Products;
			sourceTree = "<group>";
		};
		29B97314FDCFA39411CA2CEA /* CustomTemplate */ = {
			isa = PBXGroup;
			children = (
				080E96DDFE201D6D7F000001 /* Classes */,
				29B97315FDCFA39411CA2CEA /* Other Sources */,
				29B97317FDCFA39411CA2CEA /* Resources */,
				29B97323FDCFA39411CA2CEA /* Frameworks */,
				19C28FACFE9D520D11CA2CBB /* Products */,
			);
			name = CustomTemplate;
			sourceTree = "<group>";
		};
		29B97315FDCFA39411CA2CEA /* Other Sources */ = {
			isa = PBXGroup;
			children = (
				32CA4F630368D1EE00C91783 /* UITextFieldSample_Prefix.pch */,
				29B97316FDCFA39411CA2CEA /* main.m */,
			);
			name = "Other Sources";
			sourceTree = "<group>";
		};
		29B97317FDCFA39411CA2CEA /* Resources */ = {
			isa = PBXGroup;
			children = (
				5BEB70141071E383006000F1 /* leftDog.png */,
				5BEB70151071E383006000F1 /* rightDog.png */,
				5BEB70041071E0DD006000F1 /* paperGray.png */,
				5BEB6FEF1071DB71006000F1 /* paper.png */,
				8D1107310486CEB800E47090 /* UITextFieldSample-Info.plist */,
			);
			name = Resources;
			sourceTree = "<group>";
		};
		29B97323FDCFA39411CA2CEA /* Frameworks */ = {
			isa = PBXGroup;
			children = (
				1DF5F4DF0D08C38300B7A737 /* UIKit.framework */,
				1D30AB110D05D00D00671497 /* Foundation.framework */,
				288765FC0DF74451002DB57D /* CoreGraphics.framework */,
			);
			name = Frameworks;
			sourceTree = "<group>";
		};
/* End PBXGroup section */

/* Begin PBXNativeTarget section */
		1D6058900D05DD3D006BFB54 /* UITextFieldSample */ = {
			isa = PBXNativeTarget;
			buildConfigurationList = 1D6058960D05DD3E006BFB54 /* Build configuration list for PBXNativeTarget "UITextFieldSample" */;
			buildPhases = (
				1D60588D0D05DD3D006BFB54 /* Resources */,
				1D60588E0D05DD3D006BFB54 /* Sources */,
				1D60588F0D05DD3D006BFB54 /* Frameworks */,
			);
			buildRules = (
			);
			dependencies = (
			);
			name = UITextFieldSample;
			productName = UITextFieldSample;
			productReference = 1D6058910D05DD3D006BFB54 /* UITextFieldSample.app */;
			productType = "com.apple.product-type.application";
		};
/* End PBXNativeTarget section */

/* Begin PBXProject section */
		29B97313FDCFA39411CA2CEA /* Project object */ = {
			isa = PBXProject;
			buildConfigurationList = C01FCF4E08A954540054247B /* Build configuration list for PBXProject "UITextFieldSample" */;
			compatibilityVersion = "Xcode 3.2";
			developmentRegion = English;
			hasScannedForEncodings = 1;
			knownRegions = (
				English,
				Japanese,
				French,
				German,
			);
			mainGroup = 29B97314FDCFA39411CA2CEA /* CustomTemplate */;
			projectDirPath = "";
			projectRoot = "";
			targets = (
				1D6058900D05DD3D006BFB54 /* UITextFieldSample */,
			);
		};
/* End PBXProject section */

/* Begin PBXResourcesBuildPhase section */
		1D60588D0D05DD3D006BFB54 /* Resources */ = {
			isa = PBXResourcesBuildPhase;
			buildActionMask = 2147483647;
			files = (
				5BEB6FF01071DB71006000F1 /* paper.png in Resources */,
				5BEB70051071E0DD006000F1 /* paperGray.png in Resources */,
				5BEB70161071E383006000F1 /* leftDog.png in Resources */,
				5BEB70171071E383006000F1 /* rightDog.png in Resources */,
			);
			runOnlyForDeploymentPostprocessing = 0;
		};
/* End PBXResourcesBuildPhase section */

/* Begin PBXSourcesBuildPhase section */
		1D60588E0D05DD3D006BFB54 /* Sources */ = {
			isa = PBXSourcesBuildPhase;
			buildActionMask = 2147483647;
			files = (
				1D60589B0D05DD56006BFB54 /* main.m in Sources */,
				1D3623260D0F684500981E51 /* UITextFieldSampleAppDelegate.m in Sources */,
				5B3AFDBC1070A51C0038290C /* RootViewController.m in Sources */,
				5B3AFDBD1070A51C0038290C /* SampleForSimple.m in Sources */,
				5BEB6FB81071D31C006000F1 /* SampleForChangeColorAndFont.m in Sources */,
				5BEB6FCA1071D4E5006000F1 /* SampleForClearButtonMode.m in Sources */,
				5BEB6FDE1071D803006000F1 /* SampleForPlaceholder.m in Sources */,
				5BEB6FF41071DBE4006000F1 /* SampleForBackground.m in Sources */,
				5BEB701D1071E4CF006000F1 /* SampleForAddView.m in Sources */,
				5BEB702F1071E94C006000F1 /* SampleForObserving.m in Sources */,
				5BEB706D1071F01C006000F1 /* SampleForAdjustFontSize.m in Sources */,
			);
			runOnlyForDeploymentPostprocessing = 0;
		};
/* End PBXSourcesBuildPhase section */

/* Begin XCBuildConfiguration section */
		1D6058940D05DD3E006BFB54 /* Debug */ = {
			isa = XCBuildConfiguration;
			buildSettings = {
				ALWAYS_SEARCH_USER_PATHS = NO;
				COPY_PHASE_STRIP = NO;
				GCC_DYNAMIC_NO_PIC = NO;
				GCC_OPTIMIZATION_LEVEL = 0;
				GCC_PRECOMPILE_PREFIX_HEADER = YES;
				GCC_PREFIX_HEADER = UITextFieldSample_Prefix.pch;
				INFOPLIST_FILE = "UITextFieldSample-Info.plist";
				PRODUCT_NAME = UITextFieldSample;
			};
			name = Debug;
		};
		1D6058950D05DD3E006BFB54 /* Release */ = {
			isa = XCBuildConfiguration;
			buildSettings = {
				ALWAYS_SEARCH_USER_PATHS = NO;
				COPY_PHASE_STRIP = YES;
				GCC_PRECOMPILE_PREFIX_HEADER = YES;
				GCC_PREFIX_HEADER = UITextFieldSample_Prefix.pch;
				INFOPLIST_FILE = "UITextFieldSample-Info.plist";
				PRODUCT_NAME = UITextFieldSample;
			};
			name = Release;
		};
		C01FCF4F08A954540054247B /* Debug */ = {
			isa = XCBuildConfiguration;
			buildSettings = {
				ARCHS = "$(ARCHS_STANDARD_32_BIT)";
				"CODE_SIGN_IDENTITY[sdk=iphoneos*]" = "iPhone Developer";
				GCC_C_LANGUAGE_STANDARD = c99;
				GCC_WARN_ABOUT_RETURN_TYPE = YES;
				GCC_WARN_UNUSED_VARIABLE = YES;
				PREBINDING = NO;
				SDKROOT = iphoneos;
			};
			name = Debug;
		};
		C01FCF5008A954540054247B /* Release */ = {
			isa = XCBuildConfiguration;
			buildSettings = {
				ARCHS = "$(ARCHS_STANDARD_32_BIT)";
				"CODE_SIGN_IDENTITY[sdk=iphoneos*]" = "iPhone Developer";
				GCC_C_LANGUAGE_STANDARD = c99;
				GCC_WARN_ABOUT_RETURN_TYPE = YES;
				GCC_WARN_UNUSED_VARIABLE = YES;
				PREBINDING = NO;
				SDKROOT = iphoneos;
			};
			name = Release;
		};
/* End XCBuildConfiguration section */

/* Begin XCConfigurationList section */
		1D6058960D05DD3E006BFB54 /* Build configuration list for PBXNativeTarget "UITextFieldSample" */ = {
			isa = XCConfigurationList;
			buildConfigurations = (
				1D6058940D05DD3E006BFB54 /* Debug */,
				1D6058950D05DD3E006BFB54 /* Release */,
			);
			defaultConfigurationIsVisible = 0;
			defaultConfigurationName = Release;
		};
		C01FCF4E08A954540054247B /* Build configuration list for PBXProject "UITextFieldSample" */ = {
			isa = XCConfigurationList;
			buildConfigurations = (
				C01FCF4F08A954540054247B /* Debug */,
				C01FCF5008A954540054247B /* Release */,
			);
			defaultConfigurationIsVisible = 0;
			defaultConfigurationName = Release;
		};
/* End XCConfigurationList section */
	};
	rootObject = 29B97313FDCFA39411CA2CEA /* Project object */;
}
