// !$*UTF8*$!
{
	archiveVersion = 1;
	classes = {
	};
	objectVersion = 46;
	objects = {

/* Begin PBXBuildFile section */
		1D3623260D0F684500981E51 /* UISegmentedControlSampleAppDelegate.m in Sources */ = {isa = PBXBuildFile; fileRef = 1D3623250D0F684500981E51 /* UISegmentedControlSampleAppDelegate.m */; };
		1D60589B0D05DD56006BFB54 /* main.m in Sources */ = {isa = PBXBuildFile; fileRef = 29B97316FDCFA39411CA2CEA /* main.m */; };
		1D60589F0D05DD5A006BFB54 /* Foundation.framework in Frameworks */ = {isa = PBXBuildFile; fileRef = 1D30AB110D05D00D00671497 /* Foundation.framework */; };
		1DF5F4E00D08C38300B7A737 /* UIKit.framework in Frameworks */ = {isa = PBXBuildFile; fileRef = 1DF5F4DF0D08C38300B7A737 /* UIKit.framework */; };
		288765FD0DF74451002DB57D /* CoreGraphics.framework in Frameworks */ = {isa = PBXBuildFile; fileRef = 288765FC0DF74451002DB57D /* CoreGraphics.framework */; };
		5B2373EF1074BCA700637AEE /* SampleForSegmentedControlWithImage.m in Sources */ = {isa = PBXBuildFile; fileRef = 5B2373EE1074BCA700637AEE /* SampleForSegmentedControlWithImage.m */; };
		5B2373F61074BD4500637AEE /* Elephant.png in Resources */ = {isa = PBXBuildFile; fileRef = 5B2373F41074BD4500637AEE /* Elephant.png */; };
		5B2373F71074BD4500637AEE /* Lion.png in Resources */ = {isa = PBXBuildFile; fileRef = 5B2373F51074BD4500637AEE /* Lion.png */; };
		5B2373FB1074BDA700637AEE /* Dog.png in Resources */ = {isa = PBXBuildFile; fileRef = 5B2373FA1074BDA700637AEE /* Dog.png */; };
		5B2374091074C34900637AEE /* SampleForTitleAndImage.m in Sources */ = {isa = PBXBuildFile; fileRef = 5B2374081074C34900637AEE /* SampleForTitleAndImage.m */; };
		5B2374241074C81D00637AEE /* SampleForContentOffset.m in Sources */ = {isa = PBXBuildFile; fileRef = 5B2374231074C81D00637AEE /* SampleForContentOffset.m */; };
		5B2374831074CAC800637AEE /* SampleForEnabled.m in Sources */ = {isa = PBXBuildFile; fileRef = 5B2374821074CAC800637AEE /* SampleForEnabled.m */; };
		5BA036641074284500D82E13 /* RootViewController.m in Sources */ = {isa = PBXBuildFile; fileRef = 5BA036611074284500D82E13 /* RootViewController.m */; };
		5BA036651074284500D82E13 /* SampleForSegmentedControl.m in Sources */ = {isa = PBXBuildFile; fileRef = 5BA036631074284500D82E13 /* SampleForSegmentedControl.m */; };
		5BA0368A10742DE500D82E13 /* SampleForMomentary.m in Sources */ = {isa = PBXBuildFile; fileRef = 5BA0368910742DE500D82E13 /* SampleForMomentary.m */; };
		5BA0368F10742EAF00D82E13 /* SampleForSegmentedControlStyle.m in Sources */ = {isa = PBXBuildFile; fileRef = 5BA0368E10742EAF00D82E13 /* SampleForSegmentedControlStyle.m */; };
		5BA036E510749E4500D82E13 /* SampleForTintColor.m in Sources */ = {isa = PBXBuildFile; fileRef = 5BA036E410749E4500D82E13 /* SampleForTintColor.m */; };
		5BC900111074D00D00AA6F01 /* SampleForInsertAndRemove.m in Sources */ = {isa = PBXBuildFile; fileRef = 5BC900101074D00D00AA6F01 /* SampleForInsertAndRemove.m */; };
/* End PBXBuildFile section */

/* Begin PBXFileReference section */
		1D30AB110D05D00D00671497 /* Foundation.framework */ = {isa = PBXFileReference; lastKnownFileType = wrapper.framework; name = Foundation.framework; path = System/Library/Frameworks/Foundation.framework; sourceTree = SDKROOT; };
		1D3623240D0F684500981E51 /* UISegmentedControlSampleAppDelegate.h */ = {isa = PBXFileReference; fileEncoding = 4; lastKnownFileType = sourcecode.c.h; path = UISegmentedControlSampleAppDelegate.h; sourceTree = "<group>"; };
		1D3623250D0F684500981E51 /* UISegmentedControlSampleAppDelegate.m */ = {isa = PBXFileReference; fileEncoding = 4; lastKnownFileType = sourcecode.c.objc; path = UISegmentedControlSampleAppDelegate.m; sourceTree = "<group>"; };
		1D6058910D05DD3D006BFB54 /* UISegmentedControlSample.app */ = {isa = PBXFileReference; explicitFileType = wrapper.application; includeInIndex = 0; path = UISegmentedControlSample.app; sourceTree = BUILT_PRODUCTS_DIR; };
		1DF5F4DF0D08C38300B7A737 /* UIKit.framework */ = {isa = PBXFileReference; lastKnownFileType = wrapper.framework; name = UIKit.framework; path = System/Library/Frameworks/UIKit.framework; sourceTree = SDKROOT; };
		288765FC0DF74451002DB57D /* CoreGraphics.framework */ = {isa = PBXFileReference; lastKnownFileType = wrapper.framework; name = CoreGraphics.framework; path = System/Library/Frameworks/CoreGraphics.framework; sourceTree = SDKROOT; };
		29B97316FDCFA39411CA2CEA /* main.m */ = {isa = PBXFileReference; fileEncoding = 4; lastKnownFileType = sourcecode.c.objc; path = main.m; sourceTree = "<group>"; };
		32CA4F630368D1EE00C91783 /* UISegmentedControlSample_Prefix.pch */ = {isa = PBXFileReference; fileEncoding = 4; lastKnownFileType = sourcecode.c.h; path = UISegmentedControlSample_Prefix.pch; sourceTree = "<group>"; };
		5B2373ED1074BCA700637AEE /* SampleForSegmentedControlWithImage.h */ = {isa = PBXFileReference; fileEncoding = 4; lastKnownFileType = sourcecode.c.h; path = SampleForSegmentedControlWithImage.h; sourceTree = "<group>"; };
		5B2373EE1074BCA700637AEE /* SampleForSegmentedControlWithImage.m */ = {isa = PBXFileReference; fileEncoding = 4; lastKnownFileType = sourcecode.c.objc; path = SampleForSegmentedControlWithImage.m; sourceTree = "<group>"; };
		5B2373F41074BD4500637AEE /* Elephant.png */ = {isa = PBXFileReference; lastKnownFileType = image.png; name = Elephant.png; path = Images/Elephant.png; sourceTree = "<group>"; };
		5B2373F51074BD4500637AEE /* Lion.png */ = {isa = PBXFileReference; lastKnownFileType = image.png; name = Lion.png; path = Images/Lion.png; sourceTree = "<group>"; };
		5B2373FA1074BDA700637AEE /* Dog.png */ = {isa = PBXFileReference; lastKnownFileType = image.png; name = Dog.png; path = Images/Dog.png; sourceTree = "<group>"; };
		5B2374071074C34900637AEE /* SampleForTitleAndImage.h */ = {isa = PBXFileReference; fileEncoding = 4; lastKnownFileType = sourcecode.c.h; path = SampleForTitleAndImage.h; sourceTree = "<group>"; };
		5B2374081074C34900637AEE /* SampleForTitleAndImage.m */ = {isa = PBXFileReference; fileEncoding = 4; lastKnownFileType = sourcecode.c.objc; path = SampleForTitleAndImage.m; sourceTree = "<group>"; };
		5B2374221074C81D00637AEE /* SampleForContentOffset.h */ = {isa = PBXFileReference; fileEncoding = 4; lastKnownFileType = sourcecode.c.h; path = SampleForContentOffset.h; sourceTree = "<group>"; };
		5B2374231074C81D00637AEE /* SampleForContentOffset.m */ = {isa = PBXFileReference; fileEncoding = 4; lastKnownFileType = sourcecode.c.objc; path = SampleForContentOffset.m; sourceTree = "<group>"; };
		5B2374811074CAC800637AEE /* SampleForEnabled.h */ = {isa = PBXFileReference; fileEncoding = 4; lastKnownFileType = sourcecode.c.h; path = SampleForEnabled.h; sourceTree = "<group>"; };
		5B2374821074CAC800637AEE /* SampleForEnabled.m */ = {isa = PBXFileReference; fileEncoding = 4; lastKnownFileType = sourcecode.c.objc; path = SampleForEnabled.m; sourceTree = "<group>"; };
		5BA036601074284500D82E13 /* RootViewController.h */ = {isa = PBXFileReference; fileEncoding = 4; lastKnownFileType = sourcecode.c.h; path = RootViewController.h; sourceTree = "<group>"; };
		5BA036611074284500D82E13 /* RootViewController.m */ = {isa = PBXFileReference; fileEncoding = 4; lastKnownFileType = sourcecode.c.objc; path = RootViewController.m; sourceTree = "<group>"; };
		5BA036621074284500D82E13 /* SampleForSegmentedControl.h */ = {isa = PBXFileReference; fileEncoding = 4; lastKnownFileType = sourcecode.c.h; path = SampleForSegmentedControl.h; sourceTree = "<group>"; };
		5BA036631074284500D82E13 /* SampleForSegmentedControl.m */ = {isa = PBXFileReference; fileEncoding = 4; lastKnownFileType = sourcecode.c.objc; path = SampleForSegmentedControl.m; sourceTree = "<group>"; };
		5BA0368810742DE500D82E13 /* SampleForMomentary.h */ = {isa = PBXFileReference; fileEncoding = 4; lastKnownFileType = sourcecode.c.h; path = SampleForMomentary.h; sourceTree = "<group>"; };
		5BA0368910742DE500D82E13 /* SampleForMomentary.m */ = {isa = PBXFileReference; fileEncoding = 4; lastKnownFileType = sourcecode.c.objc; path = SampleForMomentary.m; sourceTree = "<group>"; };
		5BA0368D10742EAF00D82E13 /* SampleForSegmentedControlStyle.h */ = {isa = PBXFileReference; fileEncoding = 4; lastKnownFileType = sourcecode.c.h; path = SampleForSegmentedControlStyle.h; sourceTree = "<group>"; };
		5BA0368E10742EAF00D82E13 /* SampleForSegmentedControlStyle.m */ = {isa = PBXFileReference; fileEncoding = 4; lastKnownFileType = sourcecode.c.objc; path = SampleForSegmentedControlStyle.m; sourceTree = "<group>"; };
		5BA036E310749E4500D82E13 /* SampleForTintColor.h */ = {isa = PBXFileReference; fileEncoding = 4; lastKnownFileType = sourcecode.c.h; path = SampleForTintColor.h; sourceTree = "<group>"; };
		5BA036E410749E4500D82E13 /* SampleForTintColor.m */ = {isa = PBXFileReference; fileEncoding = 4; lastKnownFileType = sourcecode.c.objc; path = SampleForTintColor.m; sourceTree = "<group>"; };
		5BC9000F1074D00D00AA6F01 /* SampleForInsertAndRemove.h */ = {isa = PBXFileReference; fileEncoding = 4; lastKnownFileType = sourcecode.c.h; path = SampleForInsertAndRemove.h; sourceTree = "<group>"; };
		5BC900101074D00D00AA6F01 /* SampleForInsertAndRemove.m */ = {isa = PBXFileReference; fileEncoding = 4; lastKnownFileType = sourcecode.c.objc; path = SampleForInsertAndRemove.m; sourceTree = "<group>"; };
		8D1107310486CEB800E47090 /* UISegmentedControlSample-Info.plist */ = {isa = PBXFileReference; fileEncoding = 4; lastKnownFileType = text.plist.xml; path = "UISegmentedControlSample-Info.plist"; plistStructureDefinitionIdentifier = "com.apple.xcode.plist.structure-definition.iphone.info-plist"; sourceTree = "<group>"; };
/* End PBXFileReference section */

/* Begin PBXFrameworksBuildPhase section */
		1D60588F0D05DD3D006BFB54 /* Frameworks */ = {
			isa = PBXFrameworksBuildPhase;
			buildActionMask = 2147483647;
			files = (
				1D60589F0D05DD5A006BFB54 /* Foundation.framework in Frameworks */,
				1DF5F4E00D08C38300B7A737 /* UIKit.framework in Frameworks */,
				288765FD0DF74451002DB57D /* CoreGraphics.framework in Frameworks */,
			);
			runOnlyForDeploymentPostprocessing = 0;
		};
/* End PBXFrameworksBuildPhase section */

/* Begin PBXGroup section */
		080E96DDFE201D6D7F000001 /* Classes */ = {
			isa = PBXGroup;
			children = (
				5BC9000F1074D00D00AA6F01 /* SampleForInsertAndRemove.h */,
				5BC900101074D00D00AA6F01 /* SampleForInsertAndRemove.m */,
				5B2374811074CAC800637AEE /* SampleForEnabled.h */,
				5B2374821074CAC800637AEE /* SampleForEnabled.m */,
				5B2374221074C81D00637AEE /* SampleForContentOffset.h */,
				5B2374231074C81D00637AEE /* SampleForContentOffset.m */,
				5B2374071074C34900637AEE /* SampleForTitleAndImage.h */,
				5B2374081074C34900637AEE /* SampleForTitleAndImage.m */,
				5B2373ED1074BCA700637AEE /* SampleForSegmentedControlWithImage.h */,
				5B2373EE1074BCA700637AEE /* SampleForSegmentedControlWithImage.m */,
				5BA036E310749E4500D82E13 /* SampleForTintColor.h */,
				5BA036E410749E4500D82E13 /* SampleForTintColor.m */,
				5BA0368D10742EAF00D82E13 /* SampleForSegmentedControlStyle.h */,
				5BA0368E10742EAF00D82E13 /* SampleForSegmentedControlStyle.m */,
				5BA0368810742DE500D82E13 /* SampleForMomentary.h */,
				5BA0368910742DE500D82E13 /* SampleForMomentary.m */,
				5BA036601074284500D82E13 /* RootViewController.h */,
				5BA036611074284500D82E13 /* RootViewController.m */,
				5BA036621074284500D82E13 /* SampleForSegmentedControl.h */,
				5BA036631074284500D82E13 /* SampleForSegmentedControl.m */,
				1D3623240D0F684500981E51 /* UISegmentedControlSampleAppDelegate.h */,
				1D3623250D0F684500981E51 /* UISegmentedControlSampleAppDelegate.m */,
			);
			path = Classes;
			sourceTree = "<group>";
		};
		19C28FACFE9D520D11CA2CBB /* Products */ = {
			isa = PBXGroup;
			children = (
				1D6058910D05DD3D006BFB54 /* UISegmentedControlSample.app */,
			);
			name = Products;
			sourceTree = "<group>";
		};
		29B97314FDCFA39411CA2CEA /* CustomTemplate */ = {
			isa = PBXGroup;
			children = (
				080E96DDFE201D6D7F000001 /* Classes */,
				29B97315FDCFA39411CA2CEA /* Other Sources */,
				29B97317FDCFA39411CA2CEA /* Resources */,
				29B97323FDCFA39411CA2CEA /* Frameworks */,
				19C28FACFE9D520D11CA2CBB /* Products */,
			);
			name = CustomTemplate;
			sourceTree = "<group>";
		};
		29B97315FDCFA39411CA2CEA /* Other Sources */ = {
			isa = PBXGroup;
			children = (
				32CA4F630368D1EE00C91783 /* UISegmentedControlSample_Prefix.pch */,
				29B97316FDCFA39411CA2CEA /* main.m */,
			);
			name = "Other Sources";
			sourceTree = "<group>";
		};
		29B97317FDCFA39411CA2CEA /* Resources */ = {
			isa = PBXGroup;
			children = (
				5B2373FA1074BDA700637AEE /* Dog.png */,
				5B2373F41074BD4500637AEE /* Elephant.png */,
				5B2373F51074BD4500637AEE /* Lion.png */,
				8D1107310486CEB800E47090 /* UISegmentedControlSample-Info.plist */,
			);
			name = Resources;
			sourceTree = "<group>";
		};
		29B97323FDCFA39411CA2CEA /* Frameworks */ = {
			isa = PBXGroup;
			children = (
				1DF5F4DF0D08C38300B7A737 /* UIKit.framework */,
				1D30AB110D05D00D00671497 /* Foundation.framework */,
				288765FC0DF74451002DB57D /* CoreGraphics.framework */,
			);
			name = Frameworks;
			sourceTree = "<group>";
		};
/* End PBXGroup section */

/* Begin PBXNativeTarget section */
		1D6058900D05DD3D006BFB54 /* UISegmentedControlSample */ = {
			isa = PBXNativeTarget;
			buildConfigurationList = 1D6058960D05DD3E006BFB54 /* Build configuration list for PBXNativeTarget "UISegmentedControlSample" */;
			buildPhases = (
				1D60588D0D05DD3D006BFB54 /* Resources */,
				1D60588E0D05DD3D006BFB54 /* Sources */,
				1D60588F0D05DD3D006BFB54 /* Frameworks */,
			);
			buildRules = (
			);
			dependencies = (
			);
			name = UISegmentedControlSample;
			productName = UISegmentedControlSample;
			productReference = 1D6058910D05DD3D006BFB54 /* UISegmentedControlSample.app */;
			productType = "com.apple.product-type.application";
		};
/* End PBXNativeTarget section */

/* Begin PBXProject section */
		29B97313FDCFA39411CA2CEA /* Project object */ = {
			isa = PBXProject;
			buildConfigurationList = C01FCF4E08A954540054247B /* Build configuration list for PBXProject "UISegmentedControlSample" */;
			compatibilityVersion = "Xcode 3.2";
			developmentRegion = English;
			hasScannedForEncodings = 1;
			knownRegions = (
				English,
				Japanese,
				French,
				German,
			);
			mainGroup = 29B97314FDCFA39411CA2CEA /* CustomTemplate */;
			projectDirPath = "";
			projectRoot = "";
			targets = (
				1D6058900D05DD3D006BFB54 /* UISegmentedControlSample */,
			);
		};
/* End PBXProject section */

/* Begin PBXResourcesBuildPhase section */
		1D60588D0D05DD3D006BFB54 /* Resources */ = {
			isa = PBXResourcesBuildPhase;
			buildActionMask = 2147483647;
			files = (
				5B2373F61074BD4500637AEE /* Elephant.png in Resources */,
				5B2373F71074BD4500637AEE /* Lion.png in Resources */,
				5B2373FB1074BDA700637AEE /* Dog.png in Resources */,
			);
			runOnlyForDeploymentPostprocessing = 0;
		};
/* End PBXResourcesBuildPhase section */

/* Begin PBXSourcesBuildPhase section */
		1D60588E0D05DD3D006BFB54 /* Sources */ = {
			isa = PBXSourcesBuildPhase;
			buildActionMask = 2147483647;
			files = (
				1D60589B0D05DD56006BFB54 /* main.m in Sources */,
				1D3623260D0F684500981E51 /* UISegmentedControlSampleAppDelegate.m in Sources */,
				5BA036641074284500D82E13 /* RootViewController.m in Sources */,
				5BA036651074284500D82E13 /* SampleForSegmentedControl.m in Sources */,
				5BA0368A10742DE500D82E13 /* SampleForMomentary.m in Sources */,
				5BA0368F10742EAF00D82E13 /* SampleForSegmentedControlStyle.m in Sources */,
				5BA036E510749E4500D82E13 /* SampleForTintColor.m in Sources */,
				5B2373EF1074BCA700637AEE /* SampleForSegmentedControlWithImage.m in Sources */,
				5B2374091074C34900637AEE /* SampleForTitleAndImage.m in Sources */,
				5B2374241074C81D00637AEE /* SampleForContentOffset.m in Sources */,
				5B2374831074CAC800637AEE /* SampleForEnabled.m in Sources */,
				5BC900111074D00D00AA6F01 /* SampleForInsertAndRemove.m in Sources */,
			);
			runOnlyForDeploymentPostprocessing = 0;
		};
/* End PBXSourcesBuildPhase section */

/* Begin XCBuildConfiguration section */
		1D6058940D05DD3E006BFB54 /* Debug */ = {
			isa = XCBuildConfiguration;
			buildSettings = {
				ALWAYS_SEARCH_USER_PATHS = NO;
				COPY_PHASE_STRIP = NO;
				GCC_DYNAMIC_NO_PIC = NO;
				GCC_OPTIMIZATION_LEVEL = 0;
				GCC_PRECOMPILE_PREFIX_HEADER = YES;
				GCC_PREFIX_HEADER = UISegmentedControlSample_Prefix.pch;
				INFOPLIST_FILE = "UISegmentedControlSample-Info.plist";
				PRODUCT_NAME = UISegmentedControlSample;
			};
			name = Debug;
		};
		1D6058950D05DD3E006BFB54 /* Release */ = {
			isa = XCBuildConfiguration;
			buildSettings = {
				ALWAYS_SEARCH_USER_PATHS = NO;
				COPY_PHASE_STRIP = YES;
				GCC_PRECOMPILE_PREFIX_HEADER = YES;
				GCC_PREFIX_HEADER = UISegmentedControlSample_Prefix.pch;
				INFOPLIST_FILE = "UISegmentedControlSample-Info.plist";
				PRODUCT_NAME = UISegmentedControlSample;
			};
			name = Release;
		};
		C01FCF4F08A954540054247B /* Debug */ = {
			isa = XCBuildConfiguration;
			buildSettings = {
				ARCHS = "$(ARCHS_STANDARD_32_BIT)";
				"CODE_SIGN_IDENTITY[sdk=iphoneos*]" = "iPhone Developer";
				GCC_C_LANGUAGE_STANDARD = c99;
				GCC_WARN_ABOUT_RETURN_TYPE = YES;
				GCC_WARN_UNUSED_VARIABLE = YES;
				PREBINDING = NO;
				SDKROOT = iphoneos;
			};
			name = Debug;
		};
		C01FCF5008A954540054247B /* Release */ = {
			isa = XCBuildConfiguration;
			buildSettings = {
				ARCHS = "$(ARCHS_STANDARD_32_BIT)";
				"CODE_SIGN_IDENTITY[sdk=iphoneos*]" = "iPhone Developer";
				GCC_C_LANGUAGE_STANDARD = c99;
				GCC_WARN_ABOUT_RETURN_TYPE = YES;
				GCC_WARN_UNUSED_VARIABLE = YES;
				PREBINDING = NO;
				SDKROOT = iphoneos;
			};
			name = Release;
		};
/* End XCBuildConfiguration section */

/* Begin XCConfigurationList section */
		1D6058960D05DD3E006BFB54 /* Build configuration list for PBXNativeTarget "UISegmentedControlSample" */ = {
			isa = XCConfigurationList;
			buildConfigurations = (
				1D6058940D05DD3E006BFB54 /* Debug */,
				1D6058950D05DD3E006BFB54 /* Release */,
			);
			defaultConfigurationIsVisible = 0;
			defaultConfigurationName = Release;
		};
		C01FCF4E08A954540054247B /* Build configuration list for PBXProject "UISegmentedControlSample" */ = {
			isa = XCConfigurationList;
			buildConfigurations = (
				C01FCF4F08A954540054247B /* Debug */,
				C01FCF5008A954540054247B /* Release */,
			);
			defaultConfigurationIsVisible = 0;
			defaultConfigurationName = Release;
		};
/* End XCConfigurationList section */
	};
	rootObject = 29B97313FDCFA39411CA2CEA /* Project object */;
}
